// !$*UTF8*$!
{
	archiveVersion = 1;
	classes = {
	};
	objectVersion = 46;
	objects = {

/* Begin PBXBuildFile section */
		41E6DA8DACE94463A5EB74D3 /* libPods.a in Frameworks */ = {isa = PBXBuildFile; fileRef = 5A337731D19444F29D529790 /* libPods.a */; };
		4F107003199BB5FB002C5A75 /* MTCSearchHistoryDto.m in Sources */ = {isa = PBXBuildFile; fileRef = 4F107002199BB5FB002C5A75 /* MTCSearchHistoryDto.m */; };
		4F107006199BB9C0002C5A75 /* MTCSearchHistoryManager.m in Sources */ = {isa = PBXBuildFile; fileRef = 4F107005199BB9C0002C5A75 /* MTCSearchHistoryManager.m */; };
		4F47B82E199D000F00E0AA53 /* MTCSearchWithHistorialSearchViewController.m in Sources */ = {isa = PBXBuildFile; fileRef = 4F47B82C199D000F00E0AA53 /* MTCSearchWithHistorialSearchViewController.m */; };
		4F47B82F199D000F00E0AA53 /* MTCSearchWithHistorialSearchViewController.xib in Resources */ = {isa = PBXBuildFile; fileRef = 4F47B82D199D000F00E0AA53 /* MTCSearchWithHistorialSearchViewController.xib */; };
		4F7691DF19A3C76D0055945B /* UIAlertView+MTCMessage.m in Sources */ = {isa = PBXBuildFile; fileRef = 4F7691DE19A3C76D0055945B /* UIAlertView+MTCMessage.m */; };
		4F816BBC1998F96100E64B32 /* MTCBuyingModeTranslator.m in Sources */ = {isa = PBXBuildFile; fileRef = 4F816BBB1998F96100E64B32 /* MTCBuyingModeTranslator.m */; };
		4F816BBF1998FA9E00E64B32 /* MTCConditionTranslator.m in Sources */ = {isa = PBXBuildFile; fileRef = 4F816BBE1998FA9E00E64B32 /* MTCConditionTranslator.m */; };
		4F816BC819993A0B00E64B32 /* MTCFavoriteDaoTest.m in Sources */ = {isa = PBXBuildFile; fileRef = 4F816BC719993A0B00E64B32 /* MTCFavoriteDaoTest.m */; };
		4F816BCA19994ABD00E64B32 /* favorites.plist in Resources */ = {isa = PBXBuildFile; fileRef = 4F816BC919994ABD00E64B32 /* favorites.plist */; };
		4F86382819A4EFD3002E1045 /* NSDateFormatter+MTCDateFormatter.m in Sources */ = {isa = PBXBuildFile; fileRef = 4F86382719A4EFD3002E1045 /* NSDateFormatter+MTCDateFormatter.m */; };
		4FDF1731199501D70004DCF3 /* MTCVipItemViewController.m in Sources */ = {isa = PBXBuildFile; fileRef = 4FDF172F199501D70004DCF3 /* MTCVipItemViewController.m */; };
		4FDF1732199501D70004DCF3 /* MTCVipItemViewController.xib in Resources */ = {isa = PBXBuildFile; fileRef = 4FDF1730199501D70004DCF3 /* MTCVipItemViewController.xib */; };
		4FDF173519950DB10004DCF3 /* Localizable.strings in Resources */ = {isa = PBXBuildFile; fileRef = 4FDF173419950DB10004DCF3 /* Localizable.strings */; };
		4FDF173D199519080004DCF3 /* MTCVipItemPhotoGalleryView.m in Sources */ = {isa = PBXBuildFile; fileRef = 4FDF173C199519080004DCF3 /* MTCVipItemPhotoGalleryView.m */; };
		4FDFF8A019954C280012C7D4 /* MTCSearchJsonTranslator.m in Sources */ = {isa = PBXBuildFile; fileRef = 4FDFF89F19954C280012C7D4 /* MTCSearchJsonTranslator.m */; };
		4FDFF8A3199550420012C7D4 /* MTCPicturesJsonTranslator.m in Sources */ = {isa = PBXBuildFile; fileRef = 4FDFF8A2199550420012C7D4 /* MTCPicturesJsonTranslator.m */; };
		4FDFF8A6199555B00012C7D4 /* MTCPictureDto.m in Sources */ = {isa = PBXBuildFile; fileRef = 4FDFF8A5199555B00012C7D4 /* MTCPictureDto.m */; };
		4FE10166199A409800354A13 /* MTCFavoriteManager.m in Sources */ = {isa = PBXBuildFile; fileRef = 4FE10165199A409800354A13 /* MTCFavoriteManager.m */; };
		4FE10169199A53DD00354A13 /* MTCMeliServiceApiImpl+SecureMethods.m in Sources */ = {isa = PBXBuildFile; fileRef = 4FE10168199A53DD00354A13 /* MTCMeliServiceApiImpl+SecureMethods.m */; };
		4FE1016C199A85FC00354A13 /* MTCPriceFavoriteButtonVipItemViewTableViewCell.m in Sources */ = {isa = PBXBuildFile; fileRef = 4FE1016B199A85FC00354A13 /* MTCPriceFavoriteButtonVipItemViewTableViewCell.m */; };
		4FE1016F199AA7DF00354A13 /* MTCSearchResultJsonTranslator.m in Sources */ = {isa = PBXBuildFile; fileRef = 4FE1016E199AA7DF00354A13 /* MTCSearchResultJsonTranslator.m */; };
		4FE10172199AB0AB00354A13 /* MTCFavoritesJsonTranslator.m in Sources */ = {isa = PBXBuildFile; fileRef = 4FE10171199AB0AB00354A13 /* MTCFavoritesJsonTranslator.m */; };
		4FE6006B1993B58100AF3DFE /* UIImage+Utils.m in Sources */ = {isa = PBXBuildFile; fileRef = 4FE6006A1993B58100AF3DFE /* UIImage+Utils.m */; };
		4FE6007319940A3200AF3DFE /* MTCUIListItemResultTableViewCell.m in Sources */ = {isa = PBXBuildFile; fileRef = 4FE6007119940A3200AF3DFE /* MTCUIListItemResultTableViewCell.m */; };
		4FE6007419940A3200AF3DFE /* MTCUIListItemResultTableViewCell.xib in Resources */ = {isa = PBXBuildFile; fileRef = 4FE6007219940A3200AF3DFE /* MTCUIListItemResultTableViewCell.xib */; };
		4FF2634D19ACFF500011226F /* UITableViewCell+Utils.m in Sources */ = {isa = PBXBuildFile; fileRef = 4FF2634C19ACFF500011226F /* UITableViewCell+Utils.m */; };
		4FF2B0281992876F000BFE85 /* Foundation.framework in Frameworks */ = {isa = PBXBuildFile; fileRef = 4FF2B0271992876F000BFE85 /* Foundation.framework */; };
		4FF2B02A1992876F000BFE85 /* CoreGraphics.framework in Frameworks */ = {isa = PBXBuildFile; fileRef = 4FF2B0291992876F000BFE85 /* CoreGraphics.framework */; };
		4FF2B02C1992876F000BFE85 /* UIKit.framework in Frameworks */ = {isa = PBXBuildFile; fileRef = 4FF2B02B1992876F000BFE85 /* UIKit.framework */; };
		4FF2B0321992876F000BFE85 /* InfoPlist.strings in Resources */ = {isa = PBXBuildFile; fileRef = 4FF2B0301992876F000BFE85 /* InfoPlist.strings */; };
		4FF2B0341992876F000BFE85 /* main.m in Sources */ = {isa = PBXBuildFile; fileRef = 4FF2B0331992876F000BFE85 /* main.m */; };
		4FF2B0381992876F000BFE85 /* MTCAppDelegate.m in Sources */ = {isa = PBXBuildFile; fileRef = 4FF2B0371992876F000BFE85 /* MTCAppDelegate.m */; };
		4FF2B03A1992876F000BFE85 /* Images.xcassets in Resources */ = {isa = PBXBuildFile; fileRef = 4FF2B0391992876F000BFE85 /* Images.xcassets */; };
		4FF2B0411992876F000BFE85 /* XCTest.framework in Frameworks */ = {isa = PBXBuildFile; fileRef = 4FF2B0401992876F000BFE85 /* XCTest.framework */; };
		4FF2B0421992876F000BFE85 /* Foundation.framework in Frameworks */ = {isa = PBXBuildFile; fileRef = 4FF2B0271992876F000BFE85 /* Foundation.framework */; };
		4FF2B0431992876F000BFE85 /* UIKit.framework in Frameworks */ = {isa = PBXBuildFile; fileRef = 4FF2B02B1992876F000BFE85 /* UIKit.framework */; };
		4FF2B04B1992876F000BFE85 /* InfoPlist.strings in Resources */ = {isa = PBXBuildFile; fileRef = 4FF2B0491992876F000BFE85 /* InfoPlist.strings */; };
		4FF2B04D1992876F000BFE85 /* MeliThinClientTests.m in Sources */ = {isa = PBXBuildFile; fileRef = 4FF2B04C1992876F000BFE85 /* MeliThinClientTests.m */; };
		4FF2B05B19928994000BFE85 /* MTCItemsSearchResultsViewController.m in Sources */ = {isa = PBXBuildFile; fileRef = 4FF2B05919928994000BFE85 /* MTCItemsSearchResultsViewController.m */; };
		4FF2B05C19928994000BFE85 /* MTCItemsSearchResultsViewController.xib in Resources */ = {isa = PBXBuildFile; fileRef = 4FF2B05A19928994000BFE85 /* MTCItemsSearchResultsViewController.xib */; };
		4FF2B06019928A55000BFE85 /* MTCItemsFavoritiesResultsViewController.m in Sources */ = {isa = PBXBuildFile; fileRef = 4FF2B05E19928A55000BFE85 /* MTCItemsFavoritiesResultsViewController.m */; };
		4FF2B06119928A55000BFE85 /* MTCItemsFavoritiesResultsViewController.xib in Resources */ = {isa = PBXBuildFile; fileRef = 4FF2B05F19928A55000BFE85 /* MTCItemsFavoritiesResultsViewController.xib */; };
		4FF2B0751992ADF7000BFE85 /* MTCItemSearchResultDto.m in Sources */ = {isa = PBXBuildFile; fileRef = 4FF2B0741992ADF7000BFE85 /* MTCItemSearchResultDto.m */; };
		4FF2B0781992AF11000BFE85 /* MTCAbtractListItemTableViewViewController.m in Sources */ = {isa = PBXBuildFile; fileRef = 4FF2B0771992AF11000BFE85 /* MTCAbtractListItemTableViewViewController.m */; };
		4FF2B0851992BAD6000BFE85 /* MTCPagerList.m in Sources */ = {isa = PBXBuildFile; fileRef = 4FF2B0841992BAD6000BFE85 /* MTCPagerList.m */; };
		4FF8A96C199EA9BE003ECFB5 /* UIColor+MTCColorPalette.m in Sources */ = {isa = PBXBuildFile; fileRef = 4FF8A96B199EA9BE003ECFB5 /* UIColor+MTCColorPalette.m */; };
		8B7510C11998119400E03739 /* MTCPagerJsonTranslator.m in Sources */ = {isa = PBXBuildFile; fileRef = 8B7510C01998119400E03739 /* MTCPagerJsonTranslator.m */; };
		8B7510C419984D9D00E03739 /* MTCItemDto.m in Sources */ = {isa = PBXBuildFile; fileRef = 8B7510C319984D9D00E03739 /* MTCItemDto.m */; };
		8B7510C7199853F500E03739 /* MTCItemTranslator.m in Sources */ = {isa = PBXBuildFile; fileRef = 8B7510C6199853F500E03739 /* MTCItemTranslator.m */; };
		8B9A14FA19959D3C0066221B /* MTCVipItemPhotoGalleryView.xib in Resources */ = {isa = PBXBuildFile; fileRef = 8B9A14F919959D3C0066221B /* MTCVipItemPhotoGalleryView.xib */; };
		8BAD05EE1992FD7600BE28C1 /* MTCMeliServiceApiImpl.m in Sources */ = {isa = PBXBuildFile; fileRef = 8BAD05ED1992FD7600BE28C1 /* MTCMeliServiceApiImpl.m */; };
		8BAE6FE619968EE300BD9B74 /* MTCPriceFavoriteButtonVipItemViewTableViewCell.xib in Resources */ = {isa = PBXBuildFile; fileRef = 8BAE6FE419968EE300BD9B74 /* MTCPriceFavoriteButtonVipItemViewTableViewCell.xib */; };
		8BAE6FE81996B67300BD9B74 /* MTCVipItemTableViewFooter.xib in Resources */ = {isa = PBXBuildFile; fileRef = 8BAE6FE71996B67300BD9B74 /* MTCVipItemTableViewFooter.xib */; };
		8BAE6FEB1996B76B00BD9B74 /* MTCVipItemTableViewFooter.m in Sources */ = {isa = PBXBuildFile; fileRef = 8BAE6FEA1996B76B00BD9B74 /* MTCVipItemTableViewFooter.m */; };
		8BAE6FEE1996C2E600BD9B74 /* MTCBuyingModeTypeDto.m in Sources */ = {isa = PBXBuildFile; fileRef = 8BAE6FED1996C2E600BD9B74 /* MTCBuyingModeTypeDto.m */; };
		8BAE6FF11996C5EB00BD9B74 /* MTCConditiontTypeDto.m in Sources */ = {isa = PBXBuildFile; fileRef = 8BAE6FF01996C5EB00BD9B74 /* MTCConditiontTypeDto.m */; };
		8BB06265199CD0B300A4DD1C /* MTCCurrencyTypeDto.m in Sources */ = {isa = PBXBuildFile; fileRef = 8BB06264199CD0B300A4DD1C /* MTCCurrencyTypeDto.m */; };
		8BB0753519998A3A0008F581 /* MTCDescriptionVipItemViewController.m in Sources */ = {isa = PBXBuildFile; fileRef = 8BB0753319998A3A0008F581 /* MTCDescriptionVipItemViewController.m */; };
		8BB0753619998A3A0008F581 /* MTCDescriptionVipItemViewController.xib in Resources */ = {isa = PBXBuildFile; fileRef = 8BB0753419998A3A0008F581 /* MTCDescriptionVipItemViewController.xib */; };
		8BB0753919998AFF0008F581 /* MTCDescriptionJsonTranslator.m in Sources */ = {isa = PBXBuildFile; fileRef = 8BB0753819998AFF0008F581 /* MTCDescriptionJsonTranslator.m */; };
		8BB0753C19998B860008F581 /* MTCDescriptionDto.m in Sources */ = {isa = PBXBuildFile; fileRef = 8BB0753B19998B860008F581 /* MTCDescriptionDto.m */; };
/* End PBXBuildFile section */

/* Begin PBXContainerItemProxy section */
		4FF2B0441992876F000BFE85 /* PBXContainerItemProxy */ = {
			isa = PBXContainerItemProxy;
			containerPortal = 4FF2B01C1992876F000BFE85 /* Project object */;
			proxyType = 1;
			remoteGlobalIDString = 4FF2B0231992876F000BFE85;
			remoteInfo = MeliThinClient;
		};
/* End PBXContainerItemProxy section */

/* Begin PBXFileReference section */
		4F107001199BB5FB002C5A75 /* MTCSearchHistoryDto.h */ = {isa = PBXFileReference; fileEncoding = 4; lastKnownFileType = sourcecode.c.h; path = MTCSearchHistoryDto.h; sourceTree = "<group>"; };
		4F107002199BB5FB002C5A75 /* MTCSearchHistoryDto.m */ = {isa = PBXFileReference; fileEncoding = 4; lastKnownFileType = sourcecode.c.objc; path = MTCSearchHistoryDto.m; sourceTree = "<group>"; };
		4F107004199BB9C0002C5A75 /* MTCSearchHistoryManager.h */ = {isa = PBXFileReference; fileEncoding = 4; lastKnownFileType = sourcecode.c.h; path = MTCSearchHistoryManager.h; sourceTree = "<group>"; };
		4F107005199BB9C0002C5A75 /* MTCSearchHistoryManager.m */ = {isa = PBXFileReference; fileEncoding = 4; lastKnownFileType = sourcecode.c.objc; path = MTCSearchHistoryManager.m; sourceTree = "<group>"; };
		4F47B82B199D000F00E0AA53 /* MTCSearchWithHistorialSearchViewController.h */ = {isa = PBXFileReference; fileEncoding = 4; lastKnownFileType = sourcecode.c.h; path = MTCSearchWithHistorialSearchViewController.h; sourceTree = "<group>"; };
		4F47B82C199D000F00E0AA53 /* MTCSearchWithHistorialSearchViewController.m */ = {isa = PBXFileReference; fileEncoding = 4; lastKnownFileType = sourcecode.c.objc; path = MTCSearchWithHistorialSearchViewController.m; sourceTree = "<group>"; };
		4F47B82D199D000F00E0AA53 /* MTCSearchWithHistorialSearchViewController.xib */ = {isa = PBXFileReference; fileEncoding = 4; lastKnownFileType = file.xib; path = MTCSearchWithHistorialSearchViewController.xib; sourceTree = "<group>"; };
		4F7691DD19A3C76D0055945B /* UIAlertView+MTCMessage.h */ = {isa = PBXFileReference; fileEncoding = 4; lastKnownFileType = sourcecode.c.h; path = "UIAlertView+MTCMessage.h"; sourceTree = "<group>"; };
		4F7691DE19A3C76D0055945B /* UIAlertView+MTCMessage.m */ = {isa = PBXFileReference; fileEncoding = 4; lastKnownFileType = sourcecode.c.objc; path = "UIAlertView+MTCMessage.m"; sourceTree = "<group>"; };
		4F816BBA1998F96100E64B32 /* MTCBuyingModeTranslator.h */ = {isa = PBXFileReference; fileEncoding = 4; lastKnownFileType = sourcecode.c.h; path = MTCBuyingModeTranslator.h; sourceTree = "<group>"; };
		4F816BBB1998F96100E64B32 /* MTCBuyingModeTranslator.m */ = {isa = PBXFileReference; fileEncoding = 4; lastKnownFileType = sourcecode.c.objc; path = MTCBuyingModeTranslator.m; sourceTree = "<group>"; };
		4F816BBD1998FA9E00E64B32 /* MTCConditionTranslator.h */ = {isa = PBXFileReference; fileEncoding = 4; lastKnownFileType = sourcecode.c.h; path = MTCConditionTranslator.h; sourceTree = "<group>"; };
		4F816BBE1998FA9E00E64B32 /* MTCConditionTranslator.m */ = {isa = PBXFileReference; fileEncoding = 4; lastKnownFileType = sourcecode.c.objc; path = MTCConditionTranslator.m; sourceTree = "<group>"; };
		4F816BC719993A0B00E64B32 /* MTCFavoriteDaoTest.m */ = {isa = PBXFileReference; fileEncoding = 4; lastKnownFileType = sourcecode.c.objc; path = MTCFavoriteDaoTest.m; sourceTree = "<group>"; };
		4F816BC919994ABD00E64B32 /* favorites.plist */ = {isa = PBXFileReference; fileEncoding = 4; lastKnownFileType = text.plist.xml; path = favorites.plist; sourceTree = "<group>"; };
		4F86382619A4EFD3002E1045 /* NSDateFormatter+MTCDateFormatter.h */ = {isa = PBXFileReference; fileEncoding = 4; lastKnownFileType = sourcecode.c.h; path = "NSDateFormatter+MTCDateFormatter.h"; sourceTree = "<group>"; };
		4F86382719A4EFD3002E1045 /* NSDateFormatter+MTCDateFormatter.m */ = {isa = PBXFileReference; fileEncoding = 4; lastKnownFileType = sourcecode.c.objc; path = "NSDateFormatter+MTCDateFormatter.m"; sourceTree = "<group>"; };
		4FDF172E199501D70004DCF3 /* MTCVipItemViewController.h */ = {isa = PBXFileReference; fileEncoding = 4; lastKnownFileType = sourcecode.c.h; path = MTCVipItemViewController.h; sourceTree = "<group>"; };
		4FDF172F199501D70004DCF3 /* MTCVipItemViewController.m */ = {isa = PBXFileReference; fileEncoding = 4; lastKnownFileType = sourcecode.c.objc; path = MTCVipItemViewController.m; sourceTree = "<group>"; };
		4FDF1730199501D70004DCF3 /* MTCVipItemViewController.xib */ = {isa = PBXFileReference; fileEncoding = 4; lastKnownFileType = file.xib; path = MTCVipItemViewController.xib; sourceTree = "<group>"; };
		4FDF173419950DB10004DCF3 /* Localizable.strings */ = {isa = PBXFileReference; fileEncoding = 4; lastKnownFileType = text.plist.strings; path = Localizable.strings; sourceTree = "<group>"; };
		4FDF173B199519080004DCF3 /* MTCVipItemPhotoGalleryView.h */ = {isa = PBXFileReference; fileEncoding = 4; lastKnownFileType = sourcecode.c.h; path = MTCVipItemPhotoGalleryView.h; sourceTree = "<group>"; };
		4FDF173C199519080004DCF3 /* MTCVipItemPhotoGalleryView.m */ = {isa = PBXFileReference; fileEncoding = 4; lastKnownFileType = sourcecode.c.objc; path = MTCVipItemPhotoGalleryView.m; sourceTree = "<group>"; };
		4FDFF89D19954B8B0012C7D4 /* MTCJsonTranslator.h */ = {isa = PBXFileReference; lastKnownFileType = sourcecode.c.h; path = MTCJsonTranslator.h; sourceTree = "<group>"; };
		4FDFF89E19954C280012C7D4 /* MTCSearchJsonTranslator.h */ = {isa = PBXFileReference; fileEncoding = 4; lastKnownFileType = sourcecode.c.h; path = MTCSearchJsonTranslator.h; sourceTree = "<group>"; };
		4FDFF89F19954C280012C7D4 /* MTCSearchJsonTranslator.m */ = {isa = PBXFileReference; fileEncoding = 4; lastKnownFileType = sourcecode.c.objc; path = MTCSearchJsonTranslator.m; sourceTree = "<group>"; };
		4FDFF8A1199550420012C7D4 /* MTCPicturesJsonTranslator.h */ = {isa = PBXFileReference; fileEncoding = 4; lastKnownFileType = sourcecode.c.h; path = MTCPicturesJsonTranslator.h; sourceTree = "<group>"; };
		4FDFF8A2199550420012C7D4 /* MTCPicturesJsonTranslator.m */ = {isa = PBXFileReference; fileEncoding = 4; lastKnownFileType = sourcecode.c.objc; path = MTCPicturesJsonTranslator.m; sourceTree = "<group>"; };
		4FDFF8A4199555B00012C7D4 /* MTCPictureDto.h */ = {isa = PBXFileReference; fileEncoding = 4; lastKnownFileType = sourcecode.c.h; path = MTCPictureDto.h; sourceTree = "<group>"; };
		4FDFF8A5199555B00012C7D4 /* MTCPictureDto.m */ = {isa = PBXFileReference; fileEncoding = 4; lastKnownFileType = sourcecode.c.objc; path = MTCPictureDto.m; sourceTree = "<group>"; };
		4FE10164199A409800354A13 /* MTCFavoriteManager.h */ = {isa = PBXFileReference; fileEncoding = 4; lastKnownFileType = sourcecode.c.h; path = MTCFavoriteManager.h; sourceTree = "<group>"; };
		4FE10165199A409800354A13 /* MTCFavoriteManager.m */ = {isa = PBXFileReference; fileEncoding = 4; lastKnownFileType = sourcecode.c.objc; path = MTCFavoriteManager.m; sourceTree = "<group>"; };
		4FE10167199A53DD00354A13 /* MTCMeliServiceApiImpl+SecureMethods.h */ = {isa = PBXFileReference; fileEncoding = 4; lastKnownFileType = sourcecode.c.h; path = "MTCMeliServiceApiImpl+SecureMethods.h"; sourceTree = "<group>"; };
		4FE10168199A53DD00354A13 /* MTCMeliServiceApiImpl+SecureMethods.m */ = {isa = PBXFileReference; fileEncoding = 4; lastKnownFileType = sourcecode.c.objc; path = "MTCMeliServiceApiImpl+SecureMethods.m"; sourceTree = "<group>"; };
		4FE1016A199A85FC00354A13 /* MTCPriceFavoriteButtonVipItemViewTableViewCell.h */ = {isa = PBXFileReference; fileEncoding = 4; lastKnownFileType = sourcecode.c.h; path = MTCPriceFavoriteButtonVipItemViewTableViewCell.h; sourceTree = "<group>"; };
		4FE1016B199A85FC00354A13 /* MTCPriceFavoriteButtonVipItemViewTableViewCell.m */ = {isa = PBXFileReference; fileEncoding = 4; lastKnownFileType = sourcecode.c.objc; path = MTCPriceFavoriteButtonVipItemViewTableViewCell.m; sourceTree = "<group>"; };
		4FE1016D199AA7DF00354A13 /* MTCSearchResultJsonTranslator.h */ = {isa = PBXFileReference; fileEncoding = 4; lastKnownFileType = sourcecode.c.h; path = MTCSearchResultJsonTranslator.h; sourceTree = "<group>"; };
		4FE1016E199AA7DF00354A13 /* MTCSearchResultJsonTranslator.m */ = {isa = PBXFileReference; fileEncoding = 4; lastKnownFileType = sourcecode.c.objc; path = MTCSearchResultJsonTranslator.m; sourceTree = "<group>"; };
		4FE10170199AB0AB00354A13 /* MTCFavoritesJsonTranslator.h */ = {isa = PBXFileReference; fileEncoding = 4; lastKnownFileType = sourcecode.c.h; path = MTCFavoritesJsonTranslator.h; sourceTree = "<group>"; };
		4FE10171199AB0AB00354A13 /* MTCFavoritesJsonTranslator.m */ = {isa = PBXFileReference; fileEncoding = 4; lastKnownFileType = sourcecode.c.objc; path = MTCFavoritesJsonTranslator.m; sourceTree = "<group>"; };
		4FE600691993B58100AF3DFE /* UIImage+Utils.h */ = {isa = PBXFileReference; fileEncoding = 4; lastKnownFileType = sourcecode.c.h; path = "UIImage+Utils.h"; sourceTree = "<group>"; };
		4FE6006A1993B58100AF3DFE /* UIImage+Utils.m */ = {isa = PBXFileReference; fileEncoding = 4; lastKnownFileType = sourcecode.c.objc; path = "UIImage+Utils.m"; sourceTree = "<group>"; };
		4FE6006C1993CC1500AF3DFE /* MTCServiceApiDelegate.h */ = {isa = PBXFileReference; lastKnownFileType = sourcecode.c.h; path = MTCServiceApiDelegate.h; sourceTree = "<group>"; };
		4FE6007019940A3200AF3DFE /* MTCUIListItemResultTableViewCell.h */ = {isa = PBXFileReference; fileEncoding = 4; lastKnownFileType = sourcecode.c.h; path = MTCUIListItemResultTableViewCell.h; sourceTree = "<group>"; };
		4FE6007119940A3200AF3DFE /* MTCUIListItemResultTableViewCell.m */ = {isa = PBXFileReference; fileEncoding = 4; lastKnownFileType = sourcecode.c.objc; path = MTCUIListItemResultTableViewCell.m; sourceTree = "<group>"; };
		4FE6007219940A3200AF3DFE /* MTCUIListItemResultTableViewCell.xib */ = {isa = PBXFileReference; fileEncoding = 4; lastKnownFileType = file.xib; path = MTCUIListItemResultTableViewCell.xib; sourceTree = "<group>"; };
		4FF2634B19ACFF500011226F /* UITableViewCell+Utils.h */ = {isa = PBXFileReference; fileEncoding = 4; lastKnownFileType = sourcecode.c.h; path = "UITableViewCell+Utils.h"; sourceTree = "<group>"; };
		4FF2634C19ACFF500011226F /* UITableViewCell+Utils.m */ = {isa = PBXFileReference; fileEncoding = 4; lastKnownFileType = sourcecode.c.objc; path = "UITableViewCell+Utils.m"; sourceTree = "<group>"; };
		4FF2B0241992876F000BFE85 /* MeliThinClient.app */ = {isa = PBXFileReference; explicitFileType = wrapper.application; includeInIndex = 0; path = MeliThinClient.app; sourceTree = BUILT_PRODUCTS_DIR; };
		4FF2B0271992876F000BFE85 /* Foundation.framework */ = {isa = PBXFileReference; lastKnownFileType = wrapper.framework; name = Foundation.framework; path = System/Library/Frameworks/Foundation.framework; sourceTree = SDKROOT; };
		4FF2B0291992876F000BFE85 /* CoreGraphics.framework */ = {isa = PBXFileReference; lastKnownFileType = wrapper.framework; name = CoreGraphics.framework; path = System/Library/Frameworks/CoreGraphics.framework; sourceTree = SDKROOT; };
		4FF2B02B1992876F000BFE85 /* UIKit.framework */ = {isa = PBXFileReference; lastKnownFileType = wrapper.framework; name = UIKit.framework; path = System/Library/Frameworks/UIKit.framework; sourceTree = SDKROOT; };
		4FF2B02F1992876F000BFE85 /* MeliThinClient-Info.plist */ = {isa = PBXFileReference; lastKnownFileType = text.plist.xml; path = "MeliThinClient-Info.plist"; sourceTree = "<group>"; };
		4FF2B0311992876F000BFE85 /* en */ = {isa = PBXFileReference; lastKnownFileType = text.plist.strings; name = en; path = en.lproj/InfoPlist.strings; sourceTree = "<group>"; };
		4FF2B0331992876F000BFE85 /* main.m */ = {isa = PBXFileReference; lastKnownFileType = sourcecode.c.objc; path = main.m; sourceTree = "<group>"; };
		4FF2B0351992876F000BFE85 /* MeliThinClient-Prefix.pch */ = {isa = PBXFileReference; lastKnownFileType = sourcecode.c.h; path = "MeliThinClient-Prefix.pch"; sourceTree = "<group>"; };
		4FF2B0361992876F000BFE85 /* MTCAppDelegate.h */ = {isa = PBXFileReference; lastKnownFileType = sourcecode.c.h; path = MTCAppDelegate.h; sourceTree = "<group>"; };
		4FF2B0371992876F000BFE85 /* MTCAppDelegate.m */ = {isa = PBXFileReference; lastKnownFileType = sourcecode.c.objc; path = MTCAppDelegate.m; sourceTree = "<group>"; };
		4FF2B0391992876F000BFE85 /* Images.xcassets */ = {isa = PBXFileReference; lastKnownFileType = folder.assetcatalog; path = Images.xcassets; sourceTree = "<group>"; };
		4FF2B03F1992876F000BFE85 /* MeliThinClientTests.xctest */ = {isa = PBXFileReference; explicitFileType = wrapper.cfbundle; includeInIndex = 0; path = MeliThinClientTests.xctest; sourceTree = BUILT_PRODUCTS_DIR; };
		4FF2B0401992876F000BFE85 /* XCTest.framework */ = {isa = PBXFileReference; lastKnownFileType = wrapper.framework; name = XCTest.framework; path = Library/Frameworks/XCTest.framework; sourceTree = DEVELOPER_DIR; };
		4FF2B0481992876F000BFE85 /* MeliThinClientTests-Info.plist */ = {isa = PBXFileReference; lastKnownFileType = text.plist.xml; path = "MeliThinClientTests-Info.plist"; sourceTree = "<group>"; };
		4FF2B04A1992876F000BFE85 /* en */ = {isa = PBXFileReference; lastKnownFileType = text.plist.strings; name = en; path = en.lproj/InfoPlist.strings; sourceTree = "<group>"; };
		4FF2B04C1992876F000BFE85 /* MeliThinClientTests.m */ = {isa = PBXFileReference; lastKnownFileType = sourcecode.c.objc; path = MeliThinClientTests.m; sourceTree = "<group>"; };
		4FF2B05819928994000BFE85 /* MTCItemsSearchResultsViewController.h */ = {isa = PBXFileReference; fileEncoding = 4; lastKnownFileType = sourcecode.c.h; path = MTCItemsSearchResultsViewController.h; sourceTree = "<group>"; };
		4FF2B05919928994000BFE85 /* MTCItemsSearchResultsViewController.m */ = {isa = PBXFileReference; fileEncoding = 4; lastKnownFileType = sourcecode.c.objc; path = MTCItemsSearchResultsViewController.m; sourceTree = "<group>"; };
		4FF2B05A19928994000BFE85 /* MTCItemsSearchResultsViewController.xib */ = {isa = PBXFileReference; fileEncoding = 4; lastKnownFileType = file.xib; path = MTCItemsSearchResultsViewController.xib; sourceTree = "<group>"; };
		4FF2B05D19928A55000BFE85 /* MTCItemsFavoritiesResultsViewController.h */ = {isa = PBXFileReference; fileEncoding = 4; lastKnownFileType = sourcecode.c.h; path = MTCItemsFavoritiesResultsViewController.h; sourceTree = "<group>"; };
		4FF2B05E19928A55000BFE85 /* MTCItemsFavoritiesResultsViewController.m */ = {isa = PBXFileReference; fileEncoding = 4; lastKnownFileType = sourcecode.c.objc; path = MTCItemsFavoritiesResultsViewController.m; sourceTree = "<group>"; };
		4FF2B05F19928A55000BFE85 /* MTCItemsFavoritiesResultsViewController.xib */ = {isa = PBXFileReference; fileEncoding = 4; lastKnownFileType = file.xib; path = MTCItemsFavoritiesResultsViewController.xib; sourceTree = "<group>"; };
		4FF2B0731992ADF7000BFE85 /* MTCItemSearchResultDto.h */ = {isa = PBXFileReference; fileEncoding = 4; lastKnownFileType = sourcecode.c.h; path = MTCItemSearchResultDto.h; sourceTree = "<group>"; };
		4FF2B0741992ADF7000BFE85 /* MTCItemSearchResultDto.m */ = {isa = PBXFileReference; fileEncoding = 4; lastKnownFileType = sourcecode.c.objc; path = MTCItemSearchResultDto.m; sourceTree = "<group>"; };
		4FF2B0761992AF11000BFE85 /* MTCAbtractListItemTableViewViewController.h */ = {isa = PBXFileReference; fileEncoding = 4; lastKnownFileType = sourcecode.c.h; path = MTCAbtractListItemTableViewViewController.h; sourceTree = "<group>"; };
		4FF2B0771992AF11000BFE85 /* MTCAbtractListItemTableViewViewController.m */ = {isa = PBXFileReference; fileEncoding = 4; lastKnownFileType = sourcecode.c.objc; path = MTCAbtractListItemTableViewViewController.m; sourceTree = "<group>"; };
		4FF2B0791992B190000BFE85 /* MTCMeliServiceApi.h */ = {isa = PBXFileReference; lastKnownFileType = sourcecode.c.h; path = MTCMeliServiceApi.h; sourceTree = "<group>"; };
		4FF2B0831992BAD6000BFE85 /* MTCPagerList.h */ = {isa = PBXFileReference; fileEncoding = 4; lastKnownFileType = sourcecode.c.h; path = MTCPagerList.h; sourceTree = "<group>"; };
		4FF2B0841992BAD6000BFE85 /* MTCPagerList.m */ = {isa = PBXFileReference; fileEncoding = 4; lastKnownFileType = sourcecode.c.objc; path = MTCPagerList.m; sourceTree = "<group>"; };
		4FF8A96A199EA9BE003ECFB5 /* UIColor+MTCColorPalette.h */ = {isa = PBXFileReference; fileEncoding = 4; lastKnownFileType = sourcecode.c.h; path = "UIColor+MTCColorPalette.h"; sourceTree = "<group>"; };
		4FF8A96B199EA9BE003ECFB5 /* UIColor+MTCColorPalette.m */ = {isa = PBXFileReference; fileEncoding = 4; lastKnownFileType = sourcecode.c.objc; path = "UIColor+MTCColorPalette.m"; sourceTree = "<group>"; };
		5A337731D19444F29D529790 /* libPods.a */ = {isa = PBXFileReference; explicitFileType = archive.ar; includeInIndex = 0; path = libPods.a; sourceTree = BUILT_PRODUCTS_DIR; };
		8B7510BF1998119400E03739 /* MTCPagerJsonTranslator.h */ = {isa = PBXFileReference; fileEncoding = 4; lastKnownFileType = sourcecode.c.h; path = MTCPagerJsonTranslator.h; sourceTree = "<group>"; };
		8B7510C01998119400E03739 /* MTCPagerJsonTranslator.m */ = {isa = PBXFileReference; fileEncoding = 4; lastKnownFileType = sourcecode.c.objc; path = MTCPagerJsonTranslator.m; sourceTree = "<group>"; };
		8B7510C219984D9D00E03739 /* MTCItemDto.h */ = {isa = PBXFileReference; fileEncoding = 4; lastKnownFileType = sourcecode.c.h; path = MTCItemDto.h; sourceTree = "<group>"; };
		8B7510C319984D9D00E03739 /* MTCItemDto.m */ = {isa = PBXFileReference; fileEncoding = 4; lastKnownFileType = sourcecode.c.objc; path = MTCItemDto.m; sourceTree = "<group>"; };
		8B7510C5199853F500E03739 /* MTCItemTranslator.h */ = {isa = PBXFileReference; fileEncoding = 4; lastKnownFileType = sourcecode.c.h; path = MTCItemTranslator.h; sourceTree = "<group>"; };
		8B7510C6199853F500E03739 /* MTCItemTranslator.m */ = {isa = PBXFileReference; fileEncoding = 4; lastKnownFileType = sourcecode.c.objc; path = MTCItemTranslator.m; sourceTree = "<group>"; };
		8B9A14F919959D3C0066221B /* MTCVipItemPhotoGalleryView.xib */ = {isa = PBXFileReference; fileEncoding = 4; lastKnownFileType = file.xib; path = MTCVipItemPhotoGalleryView.xib; sourceTree = "<group>"; };
		8BAD05EC1992FD7600BE28C1 /* MTCMeliServiceApiImpl.h */ = {isa = PBXFileReference; fileEncoding = 4; lastKnownFileType = sourcecode.c.h; path = MTCMeliServiceApiImpl.h; sourceTree = "<group>"; };
		8BAD05ED1992FD7600BE28C1 /* MTCMeliServiceApiImpl.m */ = {isa = PBXFileReference; fileEncoding = 4; lastKnownFileType = sourcecode.c.objc; path = MTCMeliServiceApiImpl.m; sourceTree = "<group>"; };
		8BAE6FE419968EE300BD9B74 /* MTCPriceFavoriteButtonVipItemViewTableViewCell.xib */ = {isa = PBXFileReference; fileEncoding = 4; lastKnownFileType = file.xib; path = MTCPriceFavoriteButtonVipItemViewTableViewCell.xib; sourceTree = "<group>"; };
		8BAE6FE71996B67300BD9B74 /* MTCVipItemTableViewFooter.xib */ = {isa = PBXFileReference; fileEncoding = 4; lastKnownFileType = file.xib; path = MTCVipItemTableViewFooter.xib; sourceTree = "<group>"; };
		8BAE6FE91996B76B00BD9B74 /* MTCVipItemTableViewFooter.h */ = {isa = PBXFileReference; fileEncoding = 4; lastKnownFileType = sourcecode.c.h; path = MTCVipItemTableViewFooter.h; sourceTree = "<group>"; };
		8BAE6FEA1996B76B00BD9B74 /* MTCVipItemTableViewFooter.m */ = {isa = PBXFileReference; fileEncoding = 4; lastKnownFileType = sourcecode.c.objc; path = MTCVipItemTableViewFooter.m; sourceTree = "<group>"; };
		8BAE6FEC1996C2E600BD9B74 /* MTCBuyingModeTypeDto.h */ = {isa = PBXFileReference; fileEncoding = 4; lastKnownFileType = sourcecode.c.h; path = MTCBuyingModeTypeDto.h; sourceTree = "<group>"; };
		8BAE6FED1996C2E600BD9B74 /* MTCBuyingModeTypeDto.m */ = {isa = PBXFileReference; fileEncoding = 4; lastKnownFileType = sourcecode.c.objc; path = MTCBuyingModeTypeDto.m; sourceTree = "<group>"; };
		8BAE6FEF1996C5EB00BD9B74 /* MTCConditiontTypeDto.h */ = {isa = PBXFileReference; fileEncoding = 4; lastKnownFileType = sourcecode.c.h; path = MTCConditiontTypeDto.h; sourceTree = "<group>"; };
		8BAE6FF01996C5EB00BD9B74 /* MTCConditiontTypeDto.m */ = {isa = PBXFileReference; fileEncoding = 4; lastKnownFileType = sourcecode.c.objc; path = MTCConditiontTypeDto.m; sourceTree = "<group>"; };
		8BB06263199CD0B300A4DD1C /* MTCCurrencyTypeDto.h */ = {isa = PBXFileReference; fileEncoding = 4; lastKnownFileType = sourcecode.c.h; path = MTCCurrencyTypeDto.h; sourceTree = "<group>"; };
		8BB06264199CD0B300A4DD1C /* MTCCurrencyTypeDto.m */ = {isa = PBXFileReference; fileEncoding = 4; lastKnownFileType = sourcecode.c.objc; path = MTCCurrencyTypeDto.m; sourceTree = "<group>"; };
		8BB0753219998A3A0008F581 /* MTCDescriptionVipItemViewController.h */ = {isa = PBXFileReference; fileEncoding = 4; lastKnownFileType = sourcecode.c.h; path = MTCDescriptionVipItemViewController.h; sourceTree = "<group>"; };
		8BB0753319998A3A0008F581 /* MTCDescriptionVipItemViewController.m */ = {isa = PBXFileReference; fileEncoding = 4; lastKnownFileType = sourcecode.c.objc; path = MTCDescriptionVipItemViewController.m; sourceTree = "<group>"; };
		8BB0753419998A3A0008F581 /* MTCDescriptionVipItemViewController.xib */ = {isa = PBXFileReference; fileEncoding = 4; lastKnownFileType = file.xib; path = MTCDescriptionVipItemViewController.xib; sourceTree = "<group>"; };
		8BB0753719998AFF0008F581 /* MTCDescriptionJsonTranslator.h */ = {isa = PBXFileReference; fileEncoding = 4; lastKnownFileType = sourcecode.c.h; path = MTCDescriptionJsonTranslator.h; sourceTree = "<group>"; };
		8BB0753819998AFF0008F581 /* MTCDescriptionJsonTranslator.m */ = {isa = PBXFileReference; fileEncoding = 4; lastKnownFileType = sourcecode.c.objc; path = MTCDescriptionJsonTranslator.m; sourceTree = "<group>"; };
		8BB0753A19998B860008F581 /* MTCDescriptionDto.h */ = {isa = PBXFileReference; fileEncoding = 4; lastKnownFileType = sourcecode.c.h; path = MTCDescriptionDto.h; sourceTree = "<group>"; };
		8BB0753B19998B860008F581 /* MTCDescriptionDto.m */ = {isa = PBXFileReference; fileEncoding = 4; lastKnownFileType = sourcecode.c.objc; path = MTCDescriptionDto.m; sourceTree = "<group>"; };
		D7E87F6F256746BD8060E767 /* Pods.xcconfig */ = {isa = PBXFileReference; includeInIndex = 1; lastKnownFileType = text.xcconfig; name = Pods.xcconfig; path = Pods/Pods.xcconfig; sourceTree = "<group>"; };
/* End PBXFileReference section */

/* Begin PBXFrameworksBuildPhase section */
		4FF2B0211992876F000BFE85 /* Frameworks */ = {
			isa = PBXFrameworksBuildPhase;
			buildActionMask = 2147483647;
			files = (
				4FF2B02A1992876F000BFE85 /* CoreGraphics.framework in Frameworks */,
				4FF2B02C1992876F000BFE85 /* UIKit.framework in Frameworks */,
				4FF2B0281992876F000BFE85 /* Foundation.framework in Frameworks */,
				41E6DA8DACE94463A5EB74D3 /* libPods.a in Frameworks */,
			);
			runOnlyForDeploymentPostprocessing = 0;
		};
		4FF2B03C1992876F000BFE85 /* Frameworks */ = {
			isa = PBXFrameworksBuildPhase;
			buildActionMask = 2147483647;
			files = (
				4FF2B0411992876F000BFE85 /* XCTest.framework in Frameworks */,
				4FF2B0431992876F000BFE85 /* UIKit.framework in Frameworks */,
				4FF2B0421992876F000BFE85 /* Foundation.framework in Frameworks */,
			);
			runOnlyForDeploymentPostprocessing = 0;
		};
/* End PBXFrameworksBuildPhase section */

/* Begin PBXGroup section */
		4FDF173619950DB90004DCF3 /* resources */ = {
			isa = PBXGroup;
			children = (
				4FDF173419950DB10004DCF3 /* Localizable.strings */,
			);
			name = resources;
			sourceTree = "<group>";
		};
		4FDFF8A719955AB90012C7D4 /* translators */ = {
			isa = PBXGroup;
			children = (
				4FDFF89D19954B8B0012C7D4 /* MTCJsonTranslator.h */,
				4FDFF89E19954C280012C7D4 /* MTCSearchJsonTranslator.h */,
				4FDFF89F19954C280012C7D4 /* MTCSearchJsonTranslator.m */,
				4FDFF8A1199550420012C7D4 /* MTCPicturesJsonTranslator.h */,
				4FDFF8A2199550420012C7D4 /* MTCPicturesJsonTranslator.m */,
				8B7510BF1998119400E03739 /* MTCPagerJsonTranslator.h */,
				8B7510C01998119400E03739 /* MTCPagerJsonTranslator.m */,
				8B7510C5199853F500E03739 /* MTCItemTranslator.h */,
				8B7510C6199853F500E03739 /* MTCItemTranslator.m */,
				4F816BBA1998F96100E64B32 /* MTCBuyingModeTranslator.h */,
				4F816BBB1998F96100E64B32 /* MTCBuyingModeTranslator.m */,
				4F816BBD1998FA9E00E64B32 /* MTCConditionTranslator.h */,
				4F816BBE1998FA9E00E64B32 /* MTCConditionTranslator.m */,
				8BB0753719998AFF0008F581 /* MTCDescriptionJsonTranslator.h */,
				8BB0753819998AFF0008F581 /* MTCDescriptionJsonTranslator.m */,
				4FE1016D199AA7DF00354A13 /* MTCSearchResultJsonTranslator.h */,
				4FE1016E199AA7DF00354A13 /* MTCSearchResultJsonTranslator.m */,
				4FE10170199AB0AB00354A13 /* MTCFavoritesJsonTranslator.h */,
				4FE10171199AB0AB00354A13 /* MTCFavoritesJsonTranslator.m */,
			);
			name = translators;
			sourceTree = "<group>";
		};
		4FDFF8A819955AF40012C7D4 /* dto */ = {
			isa = PBXGroup;
			children = (
				4FF2B0731992ADF7000BFE85 /* MTCItemSearchResultDto.h */,
				4FF2B0741992ADF7000BFE85 /* MTCItemSearchResultDto.m */,
				4FDFF8A4199555B00012C7D4 /* MTCPictureDto.h */,
				4FDFF8A5199555B00012C7D4 /* MTCPictureDto.m */,
				8BAE6FEC1996C2E600BD9B74 /* MTCBuyingModeTypeDto.h */,
				8BAE6FED1996C2E600BD9B74 /* MTCBuyingModeTypeDto.m */,
				8BAE6FEF1996C5EB00BD9B74 /* MTCConditiontTypeDto.h */,
				8BAE6FF01996C5EB00BD9B74 /* MTCConditiontTypeDto.m */,
				8B7510C219984D9D00E03739 /* MTCItemDto.h */,
				8B7510C319984D9D00E03739 /* MTCItemDto.m */,
				8BB0753A19998B860008F581 /* MTCDescriptionDto.h */,
				8BB0753B19998B860008F581 /* MTCDescriptionDto.m */,
				4F107001199BB5FB002C5A75 /* MTCSearchHistoryDto.h */,
				4F107002199BB5FB002C5A75 /* MTCSearchHistoryDto.m */,
				8BB06263199CD0B300A4DD1C /* MTCCurrencyTypeDto.h */,
				8BB06264199CD0B300A4DD1C /* MTCCurrencyTypeDto.m */,
			);
			name = dto;
			sourceTree = "<group>";
		};
		4FE600681993B54D00AF3DFE /* utils */ = {
			isa = PBXGroup;
			children = (
				4FF8A96A199EA9BE003ECFB5 /* UIColor+MTCColorPalette.h */,
				4FF8A96B199EA9BE003ECFB5 /* UIColor+MTCColorPalette.m */,
				4FE600691993B58100AF3DFE /* UIImage+Utils.h */,
				4FE6006A1993B58100AF3DFE /* UIImage+Utils.m */,
				4F7691DD19A3C76D0055945B /* UIAlertView+MTCMessage.h */,
				4F7691DE19A3C76D0055945B /* UIAlertView+MTCMessage.m */,
				4F86382619A4EFD3002E1045 /* NSDateFormatter+MTCDateFormatter.h */,
				4F86382719A4EFD3002E1045 /* NSDateFormatter+MTCDateFormatter.m */,
				4FF2634B19ACFF500011226F /* UITableViewCell+Utils.h */,
				4FF2634C19ACFF500011226F /* UITableViewCell+Utils.m */,
			);
			name = utils;
			sourceTree = "<group>";
		};
		4FF2B01B1992876F000BFE85 = {
			isa = PBXGroup;
			children = (
				4FF2B02D1992876F000BFE85 /* MeliThinClient */,
				4FF2B0461992876F000BFE85 /* MeliThinClientTests */,
				4FF2B0261992876F000BFE85 /* Frameworks */,
				4FF2B0251992876F000BFE85 /* Products */,
				D7E87F6F256746BD8060E767 /* Pods.xcconfig */,
			);
			sourceTree = "<group>";
		};
		4FF2B0251992876F000BFE85 /* Products */ = {
			isa = PBXGroup;
			children = (
				4FF2B0241992876F000BFE85 /* MeliThinClient.app */,
				4FF2B03F1992876F000BFE85 /* MeliThinClientTests.xctest */,
			);
			name = Products;
			sourceTree = "<group>";
		};
		4FF2B0261992876F000BFE85 /* Frameworks */ = {
			isa = PBXGroup;
			children = (
				4FF2B0271992876F000BFE85 /* Foundation.framework */,
				4FF2B0291992876F000BFE85 /* CoreGraphics.framework */,
				4FF2B02B1992876F000BFE85 /* UIKit.framework */,
				4FF2B0401992876F000BFE85 /* XCTest.framework */,
				5A337731D19444F29D529790 /* libPods.a */,
			);
			name = Frameworks;
			sourceTree = "<group>";
		};
		4FF2B02D1992876F000BFE85 /* MeliThinClient */ = {
			isa = PBXGroup;
			children = (
				4FDF173619950DB90004DCF3 /* resources */,
				4FE600681993B54D00AF3DFE /* utils */,
				8BAD05E51992F96F00BE28C1 /* manager */,
				4FF2B0871992BE1A000BFE85 /* controller */,
				4FF2B0861992BC3F000BFE85 /* xib */,
				4FF2B0811992BA68000BFE85 /* ui */,
				4FF2B07A1992B248000BFE85 /* api */,
				4FF2B0361992876F000BFE85 /* MTCAppDelegate.h */,
				4FF2B0371992876F000BFE85 /* MTCAppDelegate.m */,
				4FF2B0391992876F000BFE85 /* Images.xcassets */,
				4FF2B02E1992876F000BFE85 /* Supporting Files */,
			);
			path = MeliThinClient;
			sourceTree = "<group>";
		};
		4FF2B02E1992876F000BFE85 /* Supporting Files */ = {
			isa = PBXGroup;
			children = (
				4FF2B02F1992876F000BFE85 /* MeliThinClient-Info.plist */,
				4FF2B0301992876F000BFE85 /* InfoPlist.strings */,
				4FF2B0331992876F000BFE85 /* main.m */,
				4FF2B0351992876F000BFE85 /* MeliThinClient-Prefix.pch */,
			);
			name = "Supporting Files";
			sourceTree = "<group>";
		};
		4FF2B0461992876F000BFE85 /* MeliThinClientTests */ = {
			isa = PBXGroup;
			children = (
				4FF2B04C1992876F000BFE85 /* MeliThinClientTests.m */,
				4FF2B0471992876F000BFE85 /* Supporting Files */,
				4F816BC719993A0B00E64B32 /* MTCFavoriteDaoTest.m */,
				4F816BC919994ABD00E64B32 /* favorites.plist */,
			);
			path = MeliThinClientTests;
			sourceTree = "<group>";
		};
		4FF2B0471992876F000BFE85 /* Supporting Files */ = {
			isa = PBXGroup;
			children = (
				4FF2B0481992876F000BFE85 /* MeliThinClientTests-Info.plist */,
				4FF2B0491992876F000BFE85 /* InfoPlist.strings */,
			);
			name = "Supporting Files";
			sourceTree = "<group>";
		};
		4FF2B07A1992B248000BFE85 /* api */ = {
			isa = PBXGroup;
			children = (
				4FDFF8A819955AF40012C7D4 /* dto */,
				4FDFF8A719955AB90012C7D4 /* translators */,
				4FF2B0791992B190000BFE85 /* MTCMeliServiceApi.h */,
				8BAD05EC1992FD7600BE28C1 /* MTCMeliServiceApiImpl.h */,
				8BAD05ED1992FD7600BE28C1 /* MTCMeliServiceApiImpl.m */,
				4FE6006C1993CC1500AF3DFE /* MTCServiceApiDelegate.h */,
				4FE10167199A53DD00354A13 /* MTCMeliServiceApiImpl+SecureMethods.h */,
				4FE10168199A53DD00354A13 /* MTCMeliServiceApiImpl+SecureMethods.m */,
			);
			name = api;
			sourceTree = "<group>";
		};
		4FF2B0811992BA68000BFE85 /* ui */ = {
			isa = PBXGroup;
			children = (
				4FE1016A199A85FC00354A13 /* MTCPriceFavoriteButtonVipItemViewTableViewCell.h */,
				4FE1016B199A85FC00354A13 /* MTCPriceFavoriteButtonVipItemViewTableViewCell.m */,
				4FF2B0831992BAD6000BFE85 /* MTCPagerList.h */,
				4FF2B0841992BAD6000BFE85 /* MTCPagerList.m */,
				4FE6007019940A3200AF3DFE /* MTCUIListItemResultTableViewCell.h */,
				4FE6007119940A3200AF3DFE /* MTCUIListItemResultTableViewCell.m */,
				4FDF173B199519080004DCF3 /* MTCVipItemPhotoGalleryView.h */,
				4FDF173C199519080004DCF3 /* MTCVipItemPhotoGalleryView.m */,
				8BAE6FE91996B76B00BD9B74 /* MTCVipItemTableViewFooter.h */,
				8BAE6FEA1996B76B00BD9B74 /* MTCVipItemTableViewFooter.m */,
			);
			name = ui;
			sourceTree = "<group>";
		};
		4FF2B0861992BC3F000BFE85 /* xib */ = {
			isa = PBXGroup;
			children = (
				4F47B82D199D000F00E0AA53 /* MTCSearchWithHistorialSearchViewController.xib */,
				8BB0753419998A3A0008F581 /* MTCDescriptionVipItemViewController.xib */,
				8BAE6FE419968EE300BD9B74 /* MTCPriceFavoriteButtonVipItemViewTableViewCell.xib */,
				4FDF1730199501D70004DCF3 /* MTCVipItemViewController.xib */,
				4FE6007219940A3200AF3DFE /* MTCUIListItemResultTableViewCell.xib */,
				4FF2B05F19928A55000BFE85 /* MTCItemsFavoritiesResultsViewController.xib */,
				4FF2B05A19928994000BFE85 /* MTCItemsSearchResultsViewController.xib */,
				8B9A14F919959D3C0066221B /* MTCVipItemPhotoGalleryView.xib */,
				8BAE6FE71996B67300BD9B74 /* MTCVipItemTableViewFooter.xib */,
			);
			name = xib;
			sourceTree = "<group>";
		};
		4FF2B0871992BE1A000BFE85 /* controller */ = {
			isa = PBXGroup;
			children = (
				4FF2B05819928994000BFE85 /* MTCItemsSearchResultsViewController.h */,
				4FF2B05D19928A55000BFE85 /* MTCItemsFavoritiesResultsViewController.h */,
				4FF2B05E19928A55000BFE85 /* MTCItemsFavoritiesResultsViewController.m */,
				4FF2B05919928994000BFE85 /* MTCItemsSearchResultsViewController.m */,
				4FF2B0761992AF11000BFE85 /* MTCAbtractListItemTableViewViewController.h */,
				4FF2B0771992AF11000BFE85 /* MTCAbtractListItemTableViewViewController.m */,
				4FDF172E199501D70004DCF3 /* MTCVipItemViewController.h */,
				4FDF172F199501D70004DCF3 /* MTCVipItemViewController.m */,
				8BB0753219998A3A0008F581 /* MTCDescriptionVipItemViewController.h */,
				8BB0753319998A3A0008F581 /* MTCDescriptionVipItemViewController.m */,
				4F47B82B199D000F00E0AA53 /* MTCSearchWithHistorialSearchViewController.h */,
				4F47B82C199D000F00E0AA53 /* MTCSearchWithHistorialSearchViewController.m */,
			);
			name = controller;
			sourceTree = "<group>";
		};
		8BAD05E51992F96F00BE28C1 /* manager */ = {
			isa = PBXGroup;
			children = (
				4FE10164199A409800354A13 /* MTCFavoriteManager.h */,
				4FE10165199A409800354A13 /* MTCFavoriteManager.m */,
				4F107004199BB9C0002C5A75 /* MTCSearchHistoryManager.h */,
				4F107005199BB9C0002C5A75 /* MTCSearchHistoryManager.m */,
			);
			name = manager;
			sourceTree = "<group>";
		};
/* End PBXGroup section */

/* Begin PBXNativeTarget section */
		4FF2B0231992876F000BFE85 /* MeliThinClient */ = {
			isa = PBXNativeTarget;
			buildConfigurationList = 4FF2B0501992876F000BFE85 /* Build configuration list for PBXNativeTarget "MeliThinClient" */;
			buildPhases = (
				C5EF53BCFC1D42358CBCC89C /* Check Pods Manifest.lock */,
				4FF2B0201992876F000BFE85 /* Sources */,
				4FF2B0211992876F000BFE85 /* Frameworks */,
				4FF2B0221992876F000BFE85 /* Resources */,
				4908FFE5F34C43C1880AA73E /* Copy Pods Resources */,
			);
			buildRules = (
			);
			dependencies = (
			);
			name = MeliThinClient;
			productName = MeliThinClient;
			productReference = 4FF2B0241992876F000BFE85 /* MeliThinClient.app */;
			productType = "com.apple.product-type.application";
		};
		4FF2B03E1992876F000BFE85 /* MeliThinClientTests */ = {
			isa = PBXNativeTarget;
			buildConfigurationList = 4FF2B0531992876F000BFE85 /* Build configuration list for PBXNativeTarget "MeliThinClientTests" */;
			buildPhases = (
				4FF2B03B1992876F000BFE85 /* Sources */,
				4FF2B03C1992876F000BFE85 /* Frameworks */,
				4FF2B03D1992876F000BFE85 /* Resources */,
			);
			buildRules = (
			);
			dependencies = (
				4FF2B0451992876F000BFE85 /* PBXTargetDependency */,
			);
			name = MeliThinClientTests;
			productName = MeliThinClientTests;
			productReference = 4FF2B03F1992876F000BFE85 /* MeliThinClientTests.xctest */;
			productType = "com.apple.product-type.bundle.unit-test";
		};
/* End PBXNativeTarget section */

/* Begin PBXProject section */
		4FF2B01C1992876F000BFE85 /* Project object */ = {
			isa = PBXProject;
			attributes = {
				CLASSPREFIX = MTC;
				LastUpgradeCheck = 0510;
				ORGANIZATIONNAME = mercadolibre;
				TargetAttributes = {
					4FF2B03E1992876F000BFE85 = {
						TestTargetID = 4FF2B0231992876F000BFE85;
					};
				};
			};
			buildConfigurationList = 4FF2B01F1992876F000BFE85 /* Build configuration list for PBXProject "MeliThinClient" */;
			compatibilityVersion = "Xcode 3.2";
			developmentRegion = English;
			hasScannedForEncodings = 0;
			knownRegions = (
				en,
			);
			mainGroup = 4FF2B01B1992876F000BFE85;
			productRefGroup = 4FF2B0251992876F000BFE85 /* Products */;
			projectDirPath = "";
			projectRoot = "";
			targets = (
				4FF2B0231992876F000BFE85 /* MeliThinClient */,
				4FF2B03E1992876F000BFE85 /* MeliThinClientTests */,
			);
		};
/* End PBXProject section */

/* Begin PBXResourcesBuildPhase section */
		4FF2B0221992876F000BFE85 /* Resources */ = {
			isa = PBXResourcesBuildPhase;
			buildActionMask = 2147483647;
			files = (
				4F47B82F199D000F00E0AA53 /* MTCSearchWithHistorialSearchViewController.xib in Resources */,
				8BAE6FE81996B67300BD9B74 /* MTCVipItemTableViewFooter.xib in Resources */,
				4FF2B0321992876F000BFE85 /* InfoPlist.strings in Resources */,
				8BAE6FE619968EE300BD9B74 /* MTCPriceFavoriteButtonVipItemViewTableViewCell.xib in Resources */,
				4FF2B03A1992876F000BFE85 /* Images.xcassets in Resources */,
				4FF2B05C19928994000BFE85 /* MTCItemsSearchResultsViewController.xib in Resources */,
				4FE6007419940A3200AF3DFE /* MTCUIListItemResultTableViewCell.xib in Resources */,
				4FDF1732199501D70004DCF3 /* MTCVipItemViewController.xib in Resources */,
				4FF2B06119928A55000BFE85 /* MTCItemsFavoritiesResultsViewController.xib in Resources */,
				8BB0753619998A3A0008F581 /* MTCDescriptionVipItemViewController.xib in Resources */,
				8B9A14FA19959D3C0066221B /* MTCVipItemPhotoGalleryView.xib in Resources */,
				4FDF173519950DB10004DCF3 /* Localizable.strings in Resources */,
			);
			runOnlyForDeploymentPostprocessing = 0;
		};
		4FF2B03D1992876F000BFE85 /* Resources */ = {
			isa = PBXResourcesBuildPhase;
			buildActionMask = 2147483647;
			files = (
				4F816BCA19994ABD00E64B32 /* favorites.plist in Resources */,
				4FF2B04B1992876F000BFE85 /* InfoPlist.strings in Resources */,
			);
			runOnlyForDeploymentPostprocessing = 0;
		};
/* End PBXResourcesBuildPhase section */

/* Begin PBXShellScriptBuildPhase section */
		4908FFE5F34C43C1880AA73E /* Copy Pods Resources */ = {
			isa = PBXShellScriptBuildPhase;
			buildActionMask = 2147483647;
			files = (
			);
			inputPaths = (
			);
			name = "Copy Pods Resources";
			outputPaths = (
			);
			runOnlyForDeploymentPostprocessing = 0;
			shellPath = /bin/sh;
			shellScript = "\"${SRCROOT}/Pods/Pods-resources.sh\"\n";
			showEnvVarsInLog = 0;
		};
		C5EF53BCFC1D42358CBCC89C /* Check Pods Manifest.lock */ = {
			isa = PBXShellScriptBuildPhase;
			buildActionMask = 2147483647;
			files = (
			);
			inputPaths = (
			);
			name = "Check Pods Manifest.lock";
			outputPaths = (
			);
			runOnlyForDeploymentPostprocessing = 0;
			shellPath = /bin/sh;
			shellScript = "diff \"${PODS_ROOT}/../Podfile.lock\" \"${PODS_ROOT}/Manifest.lock\" > /dev/null\nif [[ $? != 0 ]] ; then\n    cat << EOM\nerror: The sandbox is not in sync with the Podfile.lock. Run 'pod install' or update your CocoaPods installation.\nEOM\n    exit 1\nfi\n";
			showEnvVarsInLog = 0;
		};
/* End PBXShellScriptBuildPhase section */

/* Begin PBXSourcesBuildPhase section */
		4FF2B0201992876F000BFE85 /* Sources */ = {
			isa = PBXSourcesBuildPhase;
			buildActionMask = 2147483647;
			files = (
				8BAD05EE1992FD7600BE28C1 /* MTCMeliServiceApiImpl.m in Sources */,
				4FE1016F199AA7DF00354A13 /* MTCSearchResultJsonTranslator.m in Sources */,
				4FDFF8A6199555B00012C7D4 /* MTCPictureDto.m in Sources */,
				4FDFF8A019954C280012C7D4 /* MTCSearchJsonTranslator.m in Sources */,
				8BAE6FEE1996C2E600BD9B74 /* MTCBuyingModeTypeDto.m in Sources */,
				4FDF1731199501D70004DCF3 /* MTCVipItemViewController.m in Sources */,
				4FF2B0781992AF11000BFE85 /* MTCAbtractListItemTableViewViewController.m in Sources */,
				4FF2B0341992876F000BFE85 /* main.m in Sources */,
				4F7691DF19A3C76D0055945B /* UIAlertView+MTCMessage.m in Sources */,
				8BB0753519998A3A0008F581 /* MTCDescriptionVipItemViewController.m in Sources */,
				4FDFF8A3199550420012C7D4 /* MTCPicturesJsonTranslator.m in Sources */,
				4FF2B0851992BAD6000BFE85 /* MTCPagerList.m in Sources */,
				4FDF173D199519080004DCF3 /* MTCVipItemPhotoGalleryView.m in Sources */,
				8B7510C419984D9D00E03739 /* MTCItemDto.m in Sources */,
				4F47B82E199D000F00E0AA53 /* MTCSearchWithHistorialSearchViewController.m in Sources */,
				4FF2B05B19928994000BFE85 /* MTCItemsSearchResultsViewController.m in Sources */,
				4F816BBC1998F96100E64B32 /* MTCBuyingModeTranslator.m in Sources */,
				4F86382819A4EFD3002E1045 /* NSDateFormatter+MTCDateFormatter.m in Sources */,
				4FF8A96C199EA9BE003ECFB5 /* UIColor+MTCColorPalette.m in Sources */,
				8B7510C7199853F500E03739 /* MTCItemTranslator.m in Sources */,
				4FE10169199A53DD00354A13 /* MTCMeliServiceApiImpl+SecureMethods.m in Sources */,
				4FF2B0381992876F000BFE85 /* MTCAppDelegate.m in Sources */,
				4FE10172199AB0AB00354A13 /* MTCFavoritesJsonTranslator.m in Sources */,
				8BAE6FEB1996B76B00BD9B74 /* MTCVipItemTableViewFooter.m in Sources */,
				4FE1016C199A85FC00354A13 /* MTCPriceFavoriteButtonVipItemViewTableViewCell.m in Sources */,
				4FE6006B1993B58100AF3DFE /* UIImage+Utils.m in Sources */,
				4FE10166199A409800354A13 /* MTCFavoriteManager.m in Sources */,
				8BB06265199CD0B300A4DD1C /* MTCCurrencyTypeDto.m in Sources */,
				8B7510C11998119400E03739 /* MTCPagerJsonTranslator.m in Sources */,
				4FE6007319940A3200AF3DFE /* MTCUIListItemResultTableViewCell.m in Sources */,
				4FF2634D19ACFF500011226F /* UITableViewCell+Utils.m in Sources */,
				4F107003199BB5FB002C5A75 /* MTCSearchHistoryDto.m in Sources */,
				4F816BBF1998FA9E00E64B32 /* MTCConditionTranslator.m in Sources */,
				4FF2B0751992ADF7000BFE85 /* MTCItemSearchResultDto.m in Sources */,
				8BB0753C19998B860008F581 /* MTCDescriptionDto.m in Sources */,
				8BAE6FF11996C5EB00BD9B74 /* MTCConditiontTypeDto.m in Sources */,
				8BB0753919998AFF0008F581 /* MTCDescriptionJsonTranslator.m in Sources */,
				4FF2B06019928A55000BFE85 /* MTCItemsFavoritiesResultsViewController.m in Sources */,
				4F107006199BB9C0002C5A75 /* MTCSearchHistoryManager.m in Sources */,
			);
			runOnlyForDeploymentPostprocessing = 0;
		};
		4FF2B03B1992876F000BFE85 /* Sources */ = {
			isa = PBXSourcesBuildPhase;
			buildActionMask = 2147483647;
			files = (
				4F816BC819993A0B00E64B32 /* MTCFavoriteDaoTest.m in Sources */,
				4FF2B04D1992876F000BFE85 /* MeliThinClientTests.m in Sources */,
			);
			runOnlyForDeploymentPostprocessing = 0;
		};
/* End PBXSourcesBuildPhase section */

/* Begin PBXTargetDependency section */
		4FF2B0451992876F000BFE85 /* PBXTargetDependency */ = {
			isa = PBXTargetDependency;
			target = 4FF2B0231992876F000BFE85 /* MeliThinClient */;
			targetProxy = 4FF2B0441992876F000BFE85 /* PBXContainerItemProxy */;
		};
/* End PBXTargetDependency section */

/* Begin PBXVariantGroup section */
		4FF2B0301992876F000BFE85 /* InfoPlist.strings */ = {
			isa = PBXVariantGroup;
			children = (
				4FF2B0311992876F000BFE85 /* en */,
			);
			name = InfoPlist.strings;
			sourceTree = "<group>";
		};
		4FF2B0491992876F000BFE85 /* InfoPlist.strings */ = {
			isa = PBXVariantGroup;
			children = (
				4FF2B04A1992876F000BFE85 /* en */,
			);
			name = InfoPlist.strings;
			sourceTree = "<group>";
		};
/* End PBXVariantGroup section */

/* Begin XCBuildConfiguration section */
		4FF2B04E1992876F000BFE85 /* Debug */ = {
			isa = XCBuildConfiguration;
			buildSettings = {
				ALWAYS_SEARCH_USER_PATHS = NO;
				CLANG_CXX_LANGUAGE_STANDARD = "gnu++0x";
				CLANG_CXX_LIBRARY = "libc++";
				CLANG_ENABLE_MODULES = YES;
				CLANG_ENABLE_OBJC_ARC = YES;
				CLANG_WARN_BOOL_CONVERSION = YES;
				CLANG_WARN_CONSTANT_CONVERSION = YES;
				CLANG_WARN_DIRECT_OBJC_ISA_USAGE = YES_ERROR;
				CLANG_WARN_EMPTY_BODY = YES;
				CLANG_WARN_ENUM_CONVERSION = YES;
				CLANG_WARN_INT_CONVERSION = YES;
				CLANG_WARN_OBJC_ROOT_CLASS = YES_ERROR;
				CLANG_WARN__DUPLICATE_METHOD_MATCH = YES;
				"CODE_SIGN_IDENTITY[sdk=iphoneos*]" = "iPhone Developer";
				COPY_PHASE_STRIP = NO;
				GCC_C_LANGUAGE_STANDARD = gnu99;
				GCC_DYNAMIC_NO_PIC = NO;
				GCC_OPTIMIZATION_LEVEL = 0;
				GCC_PREPROCESSOR_DEFINITIONS = (
					"DEBUG=1",
					"$(inherited)",
				);
				GCC_SYMBOLS_PRIVATE_EXTERN = NO;
				GCC_WARN_64_TO_32_BIT_CONVERSION = YES;
				GCC_WARN_ABOUT_RETURN_TYPE = YES_ERROR;
				GCC_WARN_UNDECLARED_SELECTOR = YES;
				GCC_WARN_UNINITIALIZED_AUTOS = YES_AGGRESSIVE;
				GCC_WARN_UNUSED_FUNCTION = YES;
				GCC_WARN_UNUSED_VARIABLE = YES;
				IPHONEOS_DEPLOYMENT_TARGET = 7.1;
				ONLY_ACTIVE_ARCH = YES;
				SDKROOT = iphoneos;
				TARGETED_DEVICE_FAMILY = "1,2";
			};
			name = Debug;
		};
		4FF2B04F1992876F000BFE85 /* Release */ = {
			isa = XCBuildConfiguration;
			buildSettings = {
				ALWAYS_SEARCH_USER_PATHS = NO;
				CLANG_CXX_LANGUAGE_STANDARD = "gnu++0x";
				CLANG_CXX_LIBRARY = "libc++";
				CLANG_ENABLE_MODULES = YES;
				CLANG_ENABLE_OBJC_ARC = YES;
				CLANG_WARN_BOOL_CONVERSION = YES;
				CLANG_WARN_CONSTANT_CONVERSION = YES;
				CLANG_WARN_DIRECT_OBJC_ISA_USAGE = YES_ERROR;
				CLANG_WARN_EMPTY_BODY = YES;
				CLANG_WARN_ENUM_CONVERSION = YES;
				CLANG_WARN_INT_CONVERSION = YES;
				CLANG_WARN_OBJC_ROOT_CLASS = YES_ERROR;
				CLANG_WARN__DUPLICATE_METHOD_MATCH = YES;
				"CODE_SIGN_IDENTITY[sdk=iphoneos*]" = "iPhone Developer";
				COPY_PHASE_STRIP = YES;
				ENABLE_NS_ASSERTIONS = NO;
				GCC_C_LANGUAGE_STANDARD = gnu99;
				GCC_WARN_64_TO_32_BIT_CONVERSION = YES;
				GCC_WARN_ABOUT_RETURN_TYPE = YES_ERROR;
				GCC_WARN_UNDECLARED_SELECTOR = YES;
				GCC_WARN_UNINITIALIZED_AUTOS = YES_AGGRESSIVE;
				GCC_WARN_UNUSED_FUNCTION = YES;
				GCC_WARN_UNUSED_VARIABLE = YES;
				IPHONEOS_DEPLOYMENT_TARGET = 7.1;
				SDKROOT = iphoneos;
				TARGETED_DEVICE_FAMILY = "1,2";
				VALIDATE_PRODUCT = YES;
			};
			name = Release;
		};
		4FF2B0511992876F000BFE85 /* Debug */ = {
			isa = XCBuildConfiguration;
			baseConfigurationReference = D7E87F6F256746BD8060E767 /* Pods.xcconfig */;
			buildSettings = {
				ASSETCATALOG_COMPILER_APPICON_NAME = AppIcon;
				ASSETCATALOG_COMPILER_LAUNCHIMAGE_NAME = LaunchImage;
				CLANG_ENABLE_OBJC_ARC = YES;
				GCC_PRECOMPILE_PREFIX_HEADER = YES;
				GCC_PREFIX_HEADER = "MeliThinClient/MeliThinClient-Prefix.pch";
				INFOPLIST_FILE = "MeliThinClient/MeliThinClient-Info.plist";
				PRODUCT_NAME = "$(TARGET_NAME)";
				WRAPPER_EXTENSION = app;
			};
			name = Debug;
		};
		4FF2B0521992876F000BFE85 /* Release */ = {
			isa = XCBuildConfiguration;
			baseConfigurationReference = D7E87F6F256746BD8060E767 /* Pods.xcconfig */;
			buildSettings = {
				ASSETCATALOG_COMPILER_APPICON_NAME = AppIcon;
				ASSETCATALOG_COMPILER_LAUNCHIMAGE_NAME = LaunchImage;
				CLANG_ENABLE_OBJC_ARC = YES;
				GCC_PRECOMPILE_PREFIX_HEADER = YES;
				GCC_PREFIX_HEADER = "MeliThinClient/MeliThinClient-Prefix.pch";
				INFOPLIST_FILE = "MeliThinClient/MeliThinClient-Info.plist";
				PRODUCT_NAME = "$(TARGET_NAME)";
				WRAPPER_EXTENSION = app;
			};
			name = Release;
		};
		4FF2B0541992876F000BFE85 /* Debug */ = {
			isa = XCBuildConfiguration;
			buildSettings = {
				BUNDLE_LOADER = "$(BUILT_PRODUCTS_DIR)/MeliThinClient.app/MeliThinClient";
				FRAMEWORK_SEARCH_PATHS = (
					"$(SDKROOT)/Developer/Library/Frameworks",
					"$(inherited)",
					"$(DEVELOPER_FRAMEWORKS_DIR)",
				);
				GCC_PRECOMPILE_PREFIX_HEADER = YES;
				GCC_PREFIX_HEADER = "MeliThinClient/MeliThinClient-Prefix.pch";
				GCC_PREPROCESSOR_DEFINITIONS = (
					"DEBUG=1",
					"$(inherited)",
				);
				INFOPLIST_FILE = "MeliThinClientTests/MeliThinClientTests-Info.plist";
				PRODUCT_NAME = "$(TARGET_NAME)";
				TEST_HOST = "$(BUNDLE_LOADER)";
				WRAPPER_EXTENSION = xctest;
			};
			name = Debug;
		};
		4FF2B0551992876F000BFE85 /* Release */ = {
			isa = XCBuildConfiguration;
			buildSettings = {
				BUNDLE_LOADER = "$(BUILT_PRODUCTS_DIR)/MeliThinClient.app/MeliThinClient";
				FRAMEWORK_SEARCH_PATHS = (
					"$(SDKROOT)/Developer/Library/Frameworks",
					"$(inherited)",
					"$(DEVELOPER_FRAMEWORKS_DIR)",
				);
				GCC_PRECOMPILE_PREFIX_HEADER = YES;
				GCC_PREFIX_HEADER = "MeliThinClient/MeliThinClient-Prefix.pch";
				INFOPLIST_FILE = "MeliThinClientTests/MeliThinClientTests-Info.plist";
				PRODUCT_NAME = "$(TARGET_NAME)";
				TEST_HOST = "$(BUNDLE_LOADER)";
				WRAPPER_EXTENSION = xctest;
			};
			name = Release;
		};
/* End XCBuildConfiguration section */

/* Begin XCConfigurationList section */
		4FF2B01F1992876F000BFE85 /* Build configuration list for PBXProject "MeliThinClient" */ = {
			isa = XCConfigurationList;
			buildConfigurations = (
				4FF2B04E1992876F000BFE85 /* Debug */,
				4FF2B04F1992876F000BFE85 /* Release */,
			);
			defaultConfigurationIsVisible = 0;
			defaultConfigurationName = Release;
		};
		4FF2B0501992876F000BFE85 /* Build configuration list for PBXNativeTarget "MeliThinClient" */ = {
			isa = XCConfigurationList;
			buildConfigurations = (
				4FF2B0511992876F000BFE85 /* Debug */,
				4FF2B0521992876F000BFE85 /* Release */,
			);
			defaultConfigurationIsVisible = 0;
			defaultConfigurationName = Release;
		};
		4FF2B0531992876F000BFE85 /* Build configuration list for PBXNativeTarget "MeliThinClientTests" */ = {
			isa = XCConfigurationList;
			buildConfigurations = (
				4FF2B0541992876F000BFE85 /* Debug */,
				4FF2B0551992876F000BFE85 /* Release */,
			);
			defaultConfigurationIsVisible = 0;
			defaultConfigurationName = Release;
		};
/* End XCConfigurationList section */
	};
	rootObject = 4FF2B01C1992876F000BFE85 /* Project object */;
}
