// !$*UTF8*$!
{
	archiveVersion = 1;
	classes = {
	};
	objectVersion = 46;
	objects = {

/* Begin PBXBuildFile section */
		41E6DA8DACE94463A5EB74D3 /* libPods.a in Frameworks */ = {isa = PBXBuildFile; fileRef = 5A337731D19444F29D529790 /* libPods.a */; };
		4FF2B0281992876F000BFE85 /* Foundation.framework in Frameworks */ = {isa = PBXBuildFile; fileRef = 4FF2B0271992876F000BFE85 /* Foundation.framework */; };
		4FF2B02A1992876F000BFE85 /* CoreGraphics.framework in Frameworks */ = {isa = PBXBuildFile; fileRef = 4FF2B0291992876F000BFE85 /* CoreGraphics.framework */; };
		4FF2B02C1992876F000BFE85 /* UIKit.framework in Frameworks */ = {isa = PBXBuildFile; fileRef = 4FF2B02B1992876F000BFE85 /* UIKit.framework */; };
		4FF2B0321992876F000BFE85 /* InfoPlist.strings in Resources */ = {isa = PBXBuildFile; fileRef = 4FF2B0301992876F000BFE85 /* InfoPlist.strings */; };
		4FF2B0341992876F000BFE85 /* main.m in Sources */ = {isa = PBXBuildFile; fileRef = 4FF2B0331992876F000BFE85 /* main.m */; };
		4FF2B0381992876F000BFE85 /* MTCAppDelegate.m in Sources */ = {isa = PBXBuildFile; fileRef = 4FF2B0371992876F000BFE85 /* MTCAppDelegate.m */; };
		4FF2B03A1992876F000BFE85 /* Images.xcassets in Resources */ = {isa = PBXBuildFile; fileRef = 4FF2B0391992876F000BFE85 /* Images.xcassets */; };
		4FF2B0411992876F000BFE85 /* XCTest.framework in Frameworks */ = {isa = PBXBuildFile; fileRef = 4FF2B0401992876F000BFE85 /* XCTest.framework */; };
		4FF2B0421992876F000BFE85 /* Foundation.framework in Frameworks */ = {isa = PBXBuildFile; fileRef = 4FF2B0271992876F000BFE85 /* Foundation.framework */; };
		4FF2B0431992876F000BFE85 /* UIKit.framework in Frameworks */ = {isa = PBXBuildFile; fileRef = 4FF2B02B1992876F000BFE85 /* UIKit.framework */; };
		4FF2B04B1992876F000BFE85 /* InfoPlist.strings in Resources */ = {isa = PBXBuildFile; fileRef = 4FF2B0491992876F000BFE85 /* InfoPlist.strings */; };
		4FF2B04D1992876F000BFE85 /* MeliThinClientTests.m in Sources */ = {isa = PBXBuildFile; fileRef = 4FF2B04C1992876F000BFE85 /* MeliThinClientTests.m */; };
		4FF2B05B19928994000BFE85 /* MTCItemsSearchResultsViewController.m in Sources */ = {isa = PBXBuildFile; fileRef = 4FF2B05919928994000BFE85 /* MTCItemsSearchResultsViewController.m */; };
		4FF2B05C19928994000BFE85 /* MTCItemsSearchResultsViewController.xib in Resources */ = {isa = PBXBuildFile; fileRef = 4FF2B05A19928994000BFE85 /* MTCItemsSearchResultsViewController.xib */; };
		4FF2B06019928A55000BFE85 /* MTCFavoritiesItemsResultsViewController.m in Sources */ = {isa = PBXBuildFile; fileRef = 4FF2B05E19928A55000BFE85 /* MTCFavoritiesItemsResultsViewController.m */; };
		4FF2B06119928A55000BFE85 /* MTCFavoritiesItemsResultsViewController.xib in Resources */ = {isa = PBXBuildFile; fileRef = 4FF2B05F19928A55000BFE85 /* MTCFavoritiesItemsResultsViewController.xib */; };
		4FF2B06A1992A341000BFE85 /* MTCSearchViewController.m in Sources */ = {isa = PBXBuildFile; fileRef = 4FF2B0681992A341000BFE85 /* MTCSearchViewController.m */; };
		4FF2B06B1992A341000BFE85 /* MTCSearchViewController.xib in Resources */ = {isa = PBXBuildFile; fileRef = 4FF2B0691992A341000BFE85 /* MTCSearchViewController.xib */; };
		4FF2B0721992A7A1000BFE85 /* MTCUIListItemResult.xib in Resources */ = {isa = PBXBuildFile; fileRef = 4FF2B0711992A7A1000BFE85 /* MTCUIListItemResult.xib */; };
		4FF2B0751992ADF7000BFE85 /* MTCItemDto.m in Sources */ = {isa = PBXBuildFile; fileRef = 4FF2B0741992ADF7000BFE85 /* MTCItemDto.m */; };
		4FF2B0781992AF11000BFE85 /* MTCAbtractListItemTableViewViewController.m in Sources */ = {isa = PBXBuildFile; fileRef = 4FF2B0771992AF11000BFE85 /* MTCAbtractListItemTableViewViewController.m */; };
		4FF2B07D1992B32F000BFE85 /* MTCMeliServiceApiMockImpl.m in Sources */ = {isa = PBXBuildFile; fileRef = 4FF2B07C1992B32F000BFE85 /* MTCMeliServiceApiMockImpl.m */; };
		4FF2B0851992BAD6000BFE85 /* MTCPagerList.m in Sources */ = {isa = PBXBuildFile; fileRef = 4FF2B0841992BAD6000BFE85 /* MTCPagerList.m */; };
		4FF2B08A1992D0D8000BFE85 /* image1.jpg in Resources */ = {isa = PBXBuildFile; fileRef = 4FF2B0891992D0D8000BFE85 /* image1.jpg */; };
		8BAD05EE1992FD7600BE28C1 /* MTCMeliServiceApiImpl.m in Sources */ = {isa = PBXBuildFile; fileRef = 8BAD05ED1992FD7600BE28C1 /* MTCMeliServiceApiImpl.m */; };
/* End PBXBuildFile section */

/* Begin PBXContainerItemProxy section */
		4FF2B0441992876F000BFE85 /* PBXContainerItemProxy */ = {
			isa = PBXContainerItemProxy;
			containerPortal = 4FF2B01C1992876F000BFE85 /* Project object */;
			proxyType = 1;
			remoteGlobalIDString = 4FF2B0231992876F000BFE85;
			remoteInfo = MeliThinClient;
		};
/* End PBXContainerItemProxy section */

/* Begin PBXFileReference section */
		4FF2B0241992876F000BFE85 /* MeliThinClient.app */ = {isa = PBXFileReference; explicitFileType = wrapper.application; includeInIndex = 0; path = MeliThinClient.app; sourceTree = BUILT_PRODUCTS_DIR; };
		4FF2B0271992876F000BFE85 /* Foundation.framework */ = {isa = PBXFileReference; lastKnownFileType = wrapper.framework; name = Foundation.framework; path = System/Library/Frameworks/Foundation.framework; sourceTree = SDKROOT; };
		4FF2B0291992876F000BFE85 /* CoreGraphics.framework */ = {isa = PBXFileReference; lastKnownFileType = wrapper.framework; name = CoreGraphics.framework; path = System/Library/Frameworks/CoreGraphics.framework; sourceTree = SDKROOT; };
		4FF2B02B1992876F000BFE85 /* UIKit.framework */ = {isa = PBXFileReference; lastKnownFileType = wrapper.framework; name = UIKit.framework; path = System/Library/Frameworks/UIKit.framework; sourceTree = SDKROOT; };
		4FF2B02F1992876F000BFE85 /* MeliThinClient-Info.plist */ = {isa = PBXFileReference; lastKnownFileType = text.plist.xml; path = "MeliThinClient-Info.plist"; sourceTree = "<group>"; };
		4FF2B0311992876F000BFE85 /* en */ = {isa = PBXFileReference; lastKnownFileType = text.plist.strings; name = en; path = en.lproj/InfoPlist.strings; sourceTree = "<group>"; };
		4FF2B0331992876F000BFE85 /* main.m */ = {isa = PBXFileReference; lastKnownFileType = sourcecode.c.objc; path = main.m; sourceTree = "<group>"; };
		4FF2B0351992876F000BFE85 /* MeliThinClient-Prefix.pch */ = {isa = PBXFileReference; lastKnownFileType = sourcecode.c.h; path = "MeliThinClient-Prefix.pch"; sourceTree = "<group>"; };
		4FF2B0361992876F000BFE85 /* MTCAppDelegate.h */ = {isa = PBXFileReference; lastKnownFileType = sourcecode.c.h; path = MTCAppDelegate.h; sourceTree = "<group>"; };
		4FF2B0371992876F000BFE85 /* MTCAppDelegate.m */ = {isa = PBXFileReference; lastKnownFileType = sourcecode.c.objc; path = MTCAppDelegate.m; sourceTree = "<group>"; };
		4FF2B0391992876F000BFE85 /* Images.xcassets */ = {isa = PBXFileReference; lastKnownFileType = folder.assetcatalog; path = Images.xcassets; sourceTree = "<group>"; };
		4FF2B03F1992876F000BFE85 /* MeliThinClientTests.xctest */ = {isa = PBXFileReference; explicitFileType = wrapper.cfbundle; includeInIndex = 0; path = MeliThinClientTests.xctest; sourceTree = BUILT_PRODUCTS_DIR; };
		4FF2B0401992876F000BFE85 /* XCTest.framework */ = {isa = PBXFileReference; lastKnownFileType = wrapper.framework; name = XCTest.framework; path = Library/Frameworks/XCTest.framework; sourceTree = DEVELOPER_DIR; };
		4FF2B0481992876F000BFE85 /* MeliThinClientTests-Info.plist */ = {isa = PBXFileReference; lastKnownFileType = text.plist.xml; path = "MeliThinClientTests-Info.plist"; sourceTree = "<group>"; };
		4FF2B04A1992876F000BFE85 /* en */ = {isa = PBXFileReference; lastKnownFileType = text.plist.strings; name = en; path = en.lproj/InfoPlist.strings; sourceTree = "<group>"; };
		4FF2B04C1992876F000BFE85 /* MeliThinClientTests.m */ = {isa = PBXFileReference; lastKnownFileType = sourcecode.c.objc; path = MeliThinClientTests.m; sourceTree = "<group>"; };
		4FF2B05819928994000BFE85 /* MTCItemsSearchResultsViewController.h */ = {isa = PBXFileReference; fileEncoding = 4; lastKnownFileType = sourcecode.c.h; path = MTCItemsSearchResultsViewController.h; sourceTree = "<group>"; };
		4FF2B05919928994000BFE85 /* MTCItemsSearchResultsViewController.m */ = {isa = PBXFileReference; fileEncoding = 4; lastKnownFileType = sourcecode.c.objc; path = MTCItemsSearchResultsViewController.m; sourceTree = "<group>"; };
		4FF2B05A19928994000BFE85 /* MTCItemsSearchResultsViewController.xib */ = {isa = PBXFileReference; fileEncoding = 4; lastKnownFileType = file.xib; path = MTCItemsSearchResultsViewController.xib; sourceTree = "<group>"; };
		4FF2B05D19928A55000BFE85 /* MTCFavoritiesItemsResultsViewController.h */ = {isa = PBXFileReference; fileEncoding = 4; lastKnownFileType = sourcecode.c.h; path = MTCFavoritiesItemsResultsViewController.h; sourceTree = "<group>"; };
		4FF2B05E19928A55000BFE85 /* MTCFavoritiesItemsResultsViewController.m */ = {isa = PBXFileReference; fileEncoding = 4; lastKnownFileType = sourcecode.c.objc; path = MTCFavoritiesItemsResultsViewController.m; sourceTree = "<group>"; };
		4FF2B05F19928A55000BFE85 /* MTCFavoritiesItemsResultsViewController.xib */ = {isa = PBXFileReference; fileEncoding = 4; lastKnownFileType = file.xib; path = MTCFavoritiesItemsResultsViewController.xib; sourceTree = "<group>"; };
		4FF2B0671992A341000BFE85 /* MTCSearchViewController.h */ = {isa = PBXFileReference; fileEncoding = 4; lastKnownFileType = sourcecode.c.h; path = MTCSearchViewController.h; sourceTree = "<group>"; };
		4FF2B0681992A341000BFE85 /* MTCSearchViewController.m */ = {isa = PBXFileReference; fileEncoding = 4; lastKnownFileType = sourcecode.c.objc; path = MTCSearchViewController.m; sourceTree = "<group>"; };
		4FF2B0691992A341000BFE85 /* MTCSearchViewController.xib */ = {isa = PBXFileReference; fileEncoding = 4; lastKnownFileType = file.xib; path = MTCSearchViewController.xib; sourceTree = "<group>"; };
		4FF2B0711992A7A1000BFE85 /* MTCUIListItemResult.xib */ = {isa = PBXFileReference; fileEncoding = 4; lastKnownFileType = file.xib; path = MTCUIListItemResult.xib; sourceTree = "<group>"; };
		4FF2B0731992ADF7000BFE85 /* MTCItemDto.h */ = {isa = PBXFileReference; fileEncoding = 4; lastKnownFileType = sourcecode.c.h; path = MTCItemDto.h; sourceTree = "<group>"; };
		4FF2B0741992ADF7000BFE85 /* MTCItemDto.m */ = {isa = PBXFileReference; fileEncoding = 4; lastKnownFileType = sourcecode.c.objc; path = MTCItemDto.m; sourceTree = "<group>"; };
		4FF2B0761992AF11000BFE85 /* MTCAbtractListItemTableViewViewController.h */ = {isa = PBXFileReference; fileEncoding = 4; lastKnownFileType = sourcecode.c.h; path = MTCAbtractListItemTableViewViewController.h; sourceTree = "<group>"; };
		4FF2B0771992AF11000BFE85 /* MTCAbtractListItemTableViewViewController.m */ = {isa = PBXFileReference; fileEncoding = 4; lastKnownFileType = sourcecode.c.objc; path = MTCAbtractListItemTableViewViewController.m; sourceTree = "<group>"; };
		4FF2B0791992B190000BFE85 /* MTCMeliServiceApi.h */ = {isa = PBXFileReference; lastKnownFileType = sourcecode.c.h; path = MTCMeliServiceApi.h; sourceTree = "<group>"; };
		4FF2B07B1992B32F000BFE85 /* MTCMeliServiceApiMockImpl.h */ = {isa = PBXFileReference; fileEncoding = 4; lastKnownFileType = sourcecode.c.h; path = MTCMeliServiceApiMockImpl.h; sourceTree = "<group>"; };
		4FF2B07C1992B32F000BFE85 /* MTCMeliServiceApiMockImpl.m */ = {isa = PBXFileReference; fileEncoding = 4; lastKnownFileType = sourcecode.c.objc; path = MTCMeliServiceApiMockImpl.m; sourceTree = "<group>"; };
		4FF2B0831992BAD6000BFE85 /* MTCPagerList.h */ = {isa = PBXFileReference; fileEncoding = 4; lastKnownFileType = sourcecode.c.h; path = MTCPagerList.h; sourceTree = "<group>"; };
		4FF2B0841992BAD6000BFE85 /* MTCPagerList.m */ = {isa = PBXFileReference; fileEncoding = 4; lastKnownFileType = sourcecode.c.objc; path = MTCPagerList.m; sourceTree = "<group>"; };
		4FF2B0891992D0D8000BFE85 /* image1.jpg */ = {isa = PBXFileReference; lastKnownFileType = image.jpeg; path = image1.jpg; sourceTree = "<group>"; };
		5A337731D19444F29D529790 /* libPods.a */ = {isa = PBXFileReference; explicitFileType = archive.ar; includeInIndex = 0; path = libPods.a; sourceTree = BUILT_PRODUCTS_DIR; };
		8BAD05E61992F99400BE28C1 /* MTCDao.h */ = {isa = PBXFileReference; lastKnownFileType = sourcecode.c.h; path = MTCDao.h; sourceTree = "<group>"; };
		8BAD05E71992F9A700BE28C1 /* MTCDaoFileImpl.h */ = {isa = PBXFileReference; lastKnownFileType = sourcecode.c.h; path = MTCDaoFileImpl.h; sourceTree = "<group>"; };
		8BAD05EC1992FD7600BE28C1 /* MTCMeliServiceApiImpl.h */ = {isa = PBXFileReference; fileEncoding = 4; lastKnownFileType = sourcecode.c.h; path = MTCMeliServiceApiImpl.h; sourceTree = "<group>"; };
		8BAD05ED1992FD7600BE28C1 /* MTCMeliServiceApiImpl.m */ = {isa = PBXFileReference; fileEncoding = 4; lastKnownFileType = sourcecode.c.objc; path = MTCMeliServiceApiImpl.m; sourceTree = "<group>"; };
		D7E87F6F256746BD8060E767 /* Pods.xcconfig */ = {isa = PBXFileReference; includeInIndex = 1; lastKnownFileType = text.xcconfig; name = Pods.xcconfig; path = Pods/Pods.xcconfig; sourceTree = "<group>"; };
/* End PBXFileReference section */

/* Begin PBXFrameworksBuildPhase section */
		4FF2B0211992876F000BFE85 /* Frameworks */ = {
			isa = PBXFrameworksBuildPhase;
			buildActionMask = 2147483647;
			files = (
				4FF2B02A1992876F000BFE85 /* CoreGraphics.framework in Frameworks */,
				4FF2B02C1992876F000BFE85 /* UIKit.framework in Frameworks */,
				4FF2B0281992876F000BFE85 /* Foundation.framework in Frameworks */,
				41E6DA8DACE94463A5EB74D3 /* libPods.a in Frameworks */,
			);
			runOnlyForDeploymentPostprocessing = 0;
		};
		4FF2B03C1992876F000BFE85 /* Frameworks */ = {
			isa = PBXFrameworksBuildPhase;
			buildActionMask = 2147483647;
			files = (
				4FF2B0411992876F000BFE85 /* XCTest.framework in Frameworks */,
				4FF2B0431992876F000BFE85 /* UIKit.framework in Frameworks */,
				4FF2B0421992876F000BFE85 /* Foundation.framework in Frameworks */,
			);
			runOnlyForDeploymentPostprocessing = 0;
		};
/* End PBXFrameworksBuildPhase section */

/* Begin PBXGroup section */
		4FF2B01B1992876F000BFE85 = {
			isa = PBXGroup;
			children = (
				4FF2B02D1992876F000BFE85 /* MeliThinClient */,
				4FF2B0461992876F000BFE85 /* MeliThinClientTests */,
				4FF2B0261992876F000BFE85 /* Frameworks */,
				4FF2B0251992876F000BFE85 /* Products */,
				D7E87F6F256746BD8060E767 /* Pods.xcconfig */,
			);
			sourceTree = "<group>";
		};
		4FF2B0251992876F000BFE85 /* Products */ = {
			isa = PBXGroup;
			children = (
				4FF2B0241992876F000BFE85 /* MeliThinClient.app */,
				4FF2B03F1992876F000BFE85 /* MeliThinClientTests.xctest */,
			);
			name = Products;
			sourceTree = "<group>";
		};
		4FF2B0261992876F000BFE85 /* Frameworks */ = {
			isa = PBXGroup;
			children = (
				4FF2B0271992876F000BFE85 /* Foundation.framework */,
				4FF2B0291992876F000BFE85 /* CoreGraphics.framework */,
				4FF2B02B1992876F000BFE85 /* UIKit.framework */,
				4FF2B0401992876F000BFE85 /* XCTest.framework */,
				5A337731D19444F29D529790 /* libPods.a */,
			);
			name = Frameworks;
			sourceTree = "<group>";
		};
		4FF2B02D1992876F000BFE85 /* MeliThinClient */ = {
			isa = PBXGroup;
			children = (
				8BAD05E51992F96F00BE28C1 /* dao */,
				4FF2B0881992D053000BFE85 /* images */,
				4FF2B0871992BE1A000BFE85 /* controller */,
				4FF2B0861992BC3F000BFE85 /* xib */,
				4FF2B0811992BA68000BFE85 /* ui */,
				4FF2B07A1992B248000BFE85 /* api */,
				4FF2B0361992876F000BFE85 /* MTCAppDelegate.h */,
				4FF2B0371992876F000BFE85 /* MTCAppDelegate.m */,
				4FF2B0391992876F000BFE85 /* Images.xcassets */,
				4FF2B02E1992876F000BFE85 /* Supporting Files */,
			);
			path = MeliThinClient;
			sourceTree = "<group>";
		};
		4FF2B02E1992876F000BFE85 /* Supporting Files */ = {
			isa = PBXGroup;
			children = (
				4FF2B02F1992876F000BFE85 /* MeliThinClient-Info.plist */,
				4FF2B0301992876F000BFE85 /* InfoPlist.strings */,
				4FF2B0331992876F000BFE85 /* main.m */,
				4FF2B0351992876F000BFE85 /* MeliThinClient-Prefix.pch */,
			);
			name = "Supporting Files";
			sourceTree = "<group>";
		};
		4FF2B0461992876F000BFE85 /* MeliThinClientTests */ = {
			isa = PBXGroup;
			children = (
				4FF2B04C1992876F000BFE85 /* MeliThinClientTests.m */,
				4FF2B0471992876F000BFE85 /* Supporting Files */,
			);
			path = MeliThinClientTests;
			sourceTree = "<group>";
		};
		4FF2B0471992876F000BFE85 /* Supporting Files */ = {
			isa = PBXGroup;
			children = (
				4FF2B0481992876F000BFE85 /* MeliThinClientTests-Info.plist */,
				4FF2B0491992876F000BFE85 /* InfoPlist.strings */,
			);
			name = "Supporting Files";
			sourceTree = "<group>";
		};
		4FF2B07A1992B248000BFE85 /* api */ = {
			isa = PBXGroup;
			children = (
				4FF2B0791992B190000BFE85 /* MTCMeliServiceApi.h */,
				4FF2B07B1992B32F000BFE85 /* MTCMeliServiceApiMockImpl.h */,
				4FF2B07C1992B32F000BFE85 /* MTCMeliServiceApiMockImpl.m */,
				4FF2B0731992ADF7000BFE85 /* MTCItemDto.h */,
				4FF2B0741992ADF7000BFE85 /* MTCItemDto.m */,
				8BAD05EC1992FD7600BE28C1 /* MTCMeliServiceApiImpl.h */,
				8BAD05ED1992FD7600BE28C1 /* MTCMeliServiceApiImpl.m */,
			);
			name = api;
			sourceTree = "<group>";
		};
		4FF2B0811992BA68000BFE85 /* ui */ = {
			isa = PBXGroup;
			children = (
				4FF2B0831992BAD6000BFE85 /* MTCPagerList.h */,
				4FF2B0841992BAD6000BFE85 /* MTCPagerList.m */,
			);
			name = ui;
			sourceTree = "<group>";
		};
		4FF2B0861992BC3F000BFE85 /* xib */ = {
			isa = PBXGroup;
			children = (
				4FF2B05F19928A55000BFE85 /* MTCFavoritiesItemsResultsViewController.xib */,
				4FF2B05A19928994000BFE85 /* MTCItemsSearchResultsViewController.xib */,
				4FF2B0691992A341000BFE85 /* MTCSearchViewController.xib */,
				4FF2B0711992A7A1000BFE85 /* MTCUIListItemResult.xib */,
			);
			name = xib;
			sourceTree = "<group>";
		};
		4FF2B0871992BE1A000BFE85 /* controller */ = {
			isa = PBXGroup;
			children = (
				4FF2B05819928994000BFE85 /* MTCItemsSearchResultsViewController.h */,
				4FF2B05D19928A55000BFE85 /* MTCFavoritiesItemsResultsViewController.h */,
				4FF2B05E19928A55000BFE85 /* MTCFavoritiesItemsResultsViewController.m */,
				4FF2B05919928994000BFE85 /* MTCItemsSearchResultsViewController.m */,
				4FF2B0671992A341000BFE85 /* MTCSearchViewController.h */,
				4FF2B0681992A341000BFE85 /* MTCSearchViewController.m */,
				4FF2B0761992AF11000BFE85 /* MTCAbtractListItemTableViewViewController.h */,
				4FF2B0771992AF11000BFE85 /* MTCAbtractListItemTableViewViewController.m */,
			);
			name = controller;
			sourceTree = "<group>";
		};
		4FF2B0881992D053000BFE85 /* images */ = {
			isa = PBXGroup;
			children = (
				4FF2B0891992D0D8000BFE85 /* image1.jpg */,
			);
			name = images;
			sourceTree = "<group>";
		};
		8BAD05E51992F96F00BE28C1 /* dao */ = {
			isa = PBXGroup;
			children = (
				8BAD05E61992F99400BE28C1 /* MTCDao.h */,
				8BAD05E71992F9A700BE28C1 /* MTCDaoFileImpl.h */,
			);
			name = dao;
			sourceTree = "<group>";
		};
/* End PBXGroup section */

/* Begin PBXNativeTarget section */
		4FF2B0231992876F000BFE85 /* MeliThinClient */ = {
			isa = PBXNativeTarget;
			buildConfigurationList = 4FF2B0501992876F000BFE85 /* Build configuration list for PBXNativeTarget "MeliThinClient" */;
			buildPhases = (
				C5EF53BCFC1D42358CBCC89C /* Check Pods Manifest.lock */,
				4FF2B0201992876F000BFE85 /* Sources */,
				4FF2B0211992876F000BFE85 /* Frameworks */,
				4FF2B0221992876F000BFE85 /* Resources */,
				4908FFE5F34C43C1880AA73E /* Copy Pods Resources */,
			);
			buildRules = (
			);
			dependencies = (
			);
			name = MeliThinClient;
			productName = MeliThinClient;
			productReference = 4FF2B0241992876F000BFE85 /* MeliThinClient.app */;
			productType = "com.apple.product-type.application";
		};
		4FF2B03E1992876F000BFE85 /* MeliThinClientTests */ = {
			isa = PBXNativeTarget;
			buildConfigurationList = 4FF2B0531992876F000BFE85 /* Build configuration list for PBXNativeTarget "MeliThinClientTests" */;
			buildPhases = (
				4FF2B03B1992876F000BFE85 /* Sources */,
				4FF2B03C1992876F000BFE85 /* Frameworks */,
				4FF2B03D1992876F000BFE85 /* Resources */,
			);
			buildRules = (
			);
			dependencies = (
				4FF2B0451992876F000BFE85 /* PBXTargetDependency */,
			);
			name = MeliThinClientTests;
			productName = MeliThinClientTests;
			productReference = 4FF2B03F1992876F000BFE85 /* MeliThinClientTests.xctest */;
			productType = "com.apple.product-type.bundle.unit-test";
		};
/* End PBXNativeTarget section */

/* Begin PBXProject section */
		4FF2B01C1992876F000BFE85 /* Project object */ = {
			isa = PBXProject;
			attributes = {
				CLASSPREFIX = MTC;
				LastUpgradeCheck = 0510;
				ORGANIZATIONNAME = mercadolibre;
				TargetAttributes = {
					4FF2B03E1992876F000BFE85 = {
						TestTargetID = 4FF2B0231992876F000BFE85;
					};
				};
			};
			buildConfigurationList = 4FF2B01F1992876F000BFE85 /* Build configuration list for PBXProject "MeliThinClient" */;
			compatibilityVersion = "Xcode 3.2";
			developmentRegion = English;
			hasScannedForEncodings = 0;
			knownRegions = (
				en,
			);
			mainGroup = 4FF2B01B1992876F000BFE85;
			productRefGroup = 4FF2B0251992876F000BFE85 /* Products */;
			projectDirPath = "";
			projectRoot = "";
			targets = (
				4FF2B0231992876F000BFE85 /* MeliThinClient */,
				4FF2B03E1992876F000BFE85 /* MeliThinClientTests */,
			);
		};
/* End PBXProject section */

/* Begin PBXResourcesBuildPhase section */
		4FF2B0221992876F000BFE85 /* Resources */ = {
			isa = PBXResourcesBuildPhase;
			buildActionMask = 2147483647;
			files = (
				4FF2B08A1992D0D8000BFE85 /* image1.jpg in Resources */,
				4FF2B06B1992A341000BFE85 /* MTCSearchViewController.xib in Resources */,
				4FF2B0321992876F000BFE85 /* InfoPlist.strings in Resources */,
				4FF2B0721992A7A1000BFE85 /* MTCUIListItemResult.xib in Resources */,
				4FF2B03A1992876F000BFE85 /* Images.xcassets in Resources */,
				4FF2B05C19928994000BFE85 /* MTCItemsSearchResultsViewController.xib in Resources */,
				4FF2B06119928A55000BFE85 /* MTCFavoritiesItemsResultsViewController.xib in Resources */,
			);
			runOnlyForDeploymentPostprocessing = 0;
		};
		4FF2B03D1992876F000BFE85 /* Resources */ = {
			isa = PBXResourcesBuildPhase;
			buildActionMask = 2147483647;
			files = (
				4FF2B04B1992876F000BFE85 /* InfoPlist.strings in Resources */,
			);
			runOnlyForDeploymentPostprocessing = 0;
		};
/* End PBXResourcesBuildPhase section */

/* Begin PBXShellScriptBuildPhase section */
		4908FFE5F34C43C1880AA73E /* Copy Pods Resources */ = {
			isa = PBXShellScriptBuildPhase;
			buildActionMask = 2147483647;
			files = (
			);
			inputPaths = (
			);
			name = "Copy Pods Resources";
			outputPaths = (
			);
			runOnlyForDeploymentPostprocessing = 0;
			shellPath = /bin/sh;
			shellScript = "\"${SRCROOT}/Pods/Pods-resources.sh\"\n";
			showEnvVarsInLog = 0;
		};
		C5EF53BCFC1D42358CBCC89C /* Check Pods Manifest.lock */ = {
			isa = PBXShellScriptBuildPhase;
			buildActionMask = 2147483647;
			files = (
			);
			inputPaths = (
			);
			name = "Check Pods Manifest.lock";
			outputPaths = (
			);
			runOnlyForDeploymentPostprocessing = 0;
			shellPath = /bin/sh;
			shellScript = "diff \"${PODS_ROOT}/../Podfile.lock\" \"${PODS_ROOT}/Manifest.lock\" > /dev/null\nif [[ $? != 0 ]] ; then\n    cat << EOM\nerror: The sandbox is not in sync with the Podfile.lock. Run 'pod install' or update your CocoaPods installation.\nEOM\n    exit 1\nfi\n";
			showEnvVarsInLog = 0;
		};
/* End PBXShellScriptBuildPhase section */

/* Begin PBXSourcesBuildPhase section */
		4FF2B0201992876F000BFE85 /* Sources */ = {
			isa = PBXSourcesBuildPhase;
			buildActionMask = 2147483647;
			files = (
				8BAD05EE1992FD7600BE28C1 /* MTCMeliServiceApiImpl.m in Sources */,
				4FF2B0781992AF11000BFE85 /* MTCAbtractListItemTableViewViewController.m in Sources */,
				4FF2B07D1992B32F000BFE85 /* MTCMeliServiceApiMockImpl.m in Sources */,
				4FF2B0341992876F000BFE85 /* main.m in Sources */,
				4FF2B0851992BAD6000BFE85 /* MTCPagerList.m in Sources */,
				4FF2B05B19928994000BFE85 /* MTCItemsSearchResultsViewController.m in Sources */,
				4FF2B0381992876F000BFE85 /* MTCAppDelegate.m in Sources */,
				4FF2B0751992ADF7000BFE85 /* MTCItemDto.m in Sources */,
				4FF2B06A1992A341000BFE85 /* MTCSearchViewController.m in Sources */,
				4FF2B06019928A55000BFE85 /* MTCFavoritiesItemsResultsViewController.m in Sources */,
			);
			runOnlyForDeploymentPostprocessing = 0;
		};
		4FF2B03B1992876F000BFE85 /* Sources */ = {
			isa = PBXSourcesBuildPhase;
			buildActionMask = 2147483647;
			files = (
				4FF2B04D1992876F000BFE85 /* MeliThinClientTests.m in Sources */,
			);
			runOnlyForDeploymentPostprocessing = 0;
		};
/* End PBXSourcesBuildPhase section */

/* Begin PBXTargetDependency section */
		4FF2B0451992876F000BFE85 /* PBXTargetDependency */ = {
			isa = PBXTargetDependency;
			target = 4FF2B0231992876F000BFE85 /* MeliThinClient */;
			targetProxy = 4FF2B0441992876F000BFE85 /* PBXContainerItemProxy */;
		};
/* End PBXTargetDependency section */

/* Begin PBXVariantGroup section */
		4FF2B0301992876F000BFE85 /* InfoPlist.strings */ = {
			isa = PBXVariantGroup;
			children = (
				4FF2B0311992876F000BFE85 /* en */,
			);
			name = InfoPlist.strings;
			sourceTree = "<group>";
		};
		4FF2B0491992876F000BFE85 /* InfoPlist.strings */ = {
			isa = PBXVariantGroup;
			children = (
				4FF2B04A1992876F000BFE85 /* en */,
			);
			name = InfoPlist.strings;
			sourceTree = "<group>";
		};
/* End PBXVariantGroup section */

/* Begin XCBuildConfiguration section */
		4FF2B04E1992876F000BFE85 /* Debug */ = {
			isa = XCBuildConfiguration;
			buildSettings = {
				ALWAYS_SEARCH_USER_PATHS = NO;
				CLANG_CXX_LANGUAGE_STANDARD = "gnu++0x";
				CLANG_CXX_LIBRARY = "libc++";
				CLANG_ENABLE_MODULES = YES;
				CLANG_ENABLE_OBJC_ARC = YES;
				CLANG_WARN_BOOL_CONVERSION = YES;
				CLANG_WARN_CONSTANT_CONVERSION = YES;
				CLANG_WARN_DIRECT_OBJC_ISA_USAGE = YES_ERROR;
				CLANG_WARN_EMPTY_BODY = YES;
				CLANG_WARN_ENUM_CONVERSION = YES;
				CLANG_WARN_INT_CONVERSION = YES;
				CLANG_WARN_OBJC_ROOT_CLASS = YES_ERROR;
				CLANG_WARN__DUPLICATE_METHOD_MATCH = YES;
				"CODE_SIGN_IDENTITY[sdk=iphoneos*]" = "iPhone Developer";
				COPY_PHASE_STRIP = NO;
				GCC_C_LANGUAGE_STANDARD = gnu99;
				GCC_DYNAMIC_NO_PIC = NO;
				GCC_OPTIMIZATION_LEVEL = 0;
				GCC_PREPROCESSOR_DEFINITIONS = (
					"DEBUG=1",
					"$(inherited)",
				);
				GCC_SYMBOLS_PRIVATE_EXTERN = NO;
				GCC_WARN_64_TO_32_BIT_CONVERSION = YES;
				GCC_WARN_ABOUT_RETURN_TYPE = YES_ERROR;
				GCC_WARN_UNDECLARED_SELECTOR = YES;
				GCC_WARN_UNINITIALIZED_AUTOS = YES_AGGRESSIVE;
				GCC_WARN_UNUSED_FUNCTION = YES;
				GCC_WARN_UNUSED_VARIABLE = YES;
				IPHONEOS_DEPLOYMENT_TARGET = 7.1;
				ONLY_ACTIVE_ARCH = YES;
				SDKROOT = iphoneos;
				TARGETED_DEVICE_FAMILY = "1,2";
			};
			name = Debug;
		};
		4FF2B04F1992876F000BFE85 /* Release */ = {
			isa = XCBuildConfiguration;
			buildSettings = {
				ALWAYS_SEARCH_USER_PATHS = NO;
				CLANG_CXX_LANGUAGE_STANDARD = "gnu++0x";
				CLANG_CXX_LIBRARY = "libc++";
				CLANG_ENABLE_MODULES = YES;
				CLANG_ENABLE_OBJC_ARC = YES;
				CLANG_WARN_BOOL_CONVERSION = YES;
				CLANG_WARN_CONSTANT_CONVERSION = YES;
				CLANG_WARN_DIRECT_OBJC_ISA_USAGE = YES_ERROR;
				CLANG_WARN_EMPTY_BODY = YES;
				CLANG_WARN_ENUM_CONVERSION = YES;
				CLANG_WARN_INT_CONVERSION = YES;
				CLANG_WARN_OBJC_ROOT_CLASS = YES_ERROR;
				CLANG_WARN__DUPLICATE_METHOD_MATCH = YES;
				"CODE_SIGN_IDENTITY[sdk=iphoneos*]" = "iPhone Developer";
				COPY_PHASE_STRIP = YES;
				ENABLE_NS_ASSERTIONS = NO;
				GCC_C_LANGUAGE_STANDARD = gnu99;
				GCC_WARN_64_TO_32_BIT_CONVERSION = YES;
				GCC_WARN_ABOUT_RETURN_TYPE = YES_ERROR;
				GCC_WARN_UNDECLARED_SELECTOR = YES;
				GCC_WARN_UNINITIALIZED_AUTOS = YES_AGGRESSIVE;
				GCC_WARN_UNUSED_FUNCTION = YES;
				GCC_WARN_UNUSED_VARIABLE = YES;
				IPHONEOS_DEPLOYMENT_TARGET = 7.1;
				SDKROOT = iphoneos;
				TARGETED_DEVICE_FAMILY = "1,2";
				VALIDATE_PRODUCT = YES;
			};
			name = Release;
		};
		4FF2B0511992876F000BFE85 /* Debug */ = {
			isa = XCBuildConfiguration;
			baseConfigurationReference = D7E87F6F256746BD8060E767 /* Pods.xcconfig */;
			buildSettings = {
				ASSETCATALOG_COMPILER_APPICON_NAME = AppIcon;
				ASSETCATALOG_COMPILER_LAUNCHIMAGE_NAME = LaunchImage;
				CLANG_ENABLE_OBJC_ARC = NO;
				GCC_PRECOMPILE_PREFIX_HEADER = YES;
				GCC_PREFIX_HEADER = "MeliThinClient/MeliThinClient-Prefix.pch";
				INFOPLIST_FILE = "MeliThinClient/MeliThinClient-Info.plist";
				PRODUCT_NAME = "$(TARGET_NAME)";
				WRAPPER_EXTENSION = app;
			};
			name = Debug;
		};
		4FF2B0521992876F000BFE85 /* Release */ = {
			isa = XCBuildConfiguration;
			baseConfigurationReference = D7E87F6F256746BD8060E767 /* Pods.xcconfig */;
			buildSettings = {
				ASSETCATALOG_COMPILER_APPICON_NAME = AppIcon;
				ASSETCATALOG_COMPILER_LAUNCHIMAGE_NAME = LaunchImage;
				CLANG_ENABLE_OBJC_ARC = NO;
				GCC_PRECOMPILE_PREFIX_HEADER = YES;
				GCC_PREFIX_HEADER = "MeliThinClient/MeliThinClient-Prefix.pch";
				INFOPLIST_FILE = "MeliThinClient/MeliThinClient-Info.plist";
				PRODUCT_NAME = "$(TARGET_NAME)";
				WRAPPER_EXTENSION = app;
			};
			name = Release;
		};
		4FF2B0541992876F000BFE85 /* Debug */ = {
			isa = XCBuildConfiguration;
			buildSettings = {
				BUNDLE_LOADER = "$(BUILT_PRODUCTS_DIR)/MeliThinClient.app/MeliThinClient";
				FRAMEWORK_SEARCH_PATHS = (
					"$(SDKROOT)/Developer/Library/Frameworks",
					"$(inherited)",
					"$(DEVELOPER_FRAMEWORKS_DIR)",
				);
				GCC_PRECOMPILE_PREFIX_HEADER = YES;
				GCC_PREFIX_HEADER = "MeliThinClient/MeliThinClient-Prefix.pch";
				GCC_PREPROCESSOR_DEFINITIONS = (
					"DEBUG=1",
					"$(inherited)",
				);
				INFOPLIST_FILE = "MeliThinClientTests/MeliThinClientTests-Info.plist";
				PRODUCT_NAME = "$(TARGET_NAME)";
				TEST_HOST = "$(BUNDLE_LOADER)";
				WRAPPER_EXTENSION = xctest;
			};
			name = Debug;
		};
		4FF2B0551992876F000BFE85 /* Release */ = {
			isa = XCBuildConfiguration;
			buildSettings = {
				BUNDLE_LOADER = "$(BUILT_PRODUCTS_DIR)/MeliThinClient.app/MeliThinClient";
				FRAMEWORK_SEARCH_PATHS = (
					"$(SDKROOT)/Developer/Library/Frameworks",
					"$(inherited)",
					"$(DEVELOPER_FRAMEWORKS_DIR)",
				);
				GCC_PRECOMPILE_PREFIX_HEADER = YES;
				GCC_PREFIX_HEADER = "MeliThinClient/MeliThinClient-Prefix.pch";
				INFOPLIST_FILE = "MeliThinClientTests/MeliThinClientTests-Info.plist";
				PRODUCT_NAME = "$(TARGET_NAME)";
				TEST_HOST = "$(BUNDLE_LOADER)";
				WRAPPER_EXTENSION = xctest;
			};
			name = Release;
		};
/* End XCBuildConfiguration section */

/* Begin XCConfigurationList section */
		4FF2B01F1992876F000BFE85 /* Build configuration list for PBXProject "MeliThinClient" */ = {
			isa = XCConfigurationList;
			buildConfigurations = (
				4FF2B04E1992876F000BFE85 /* Debug */,
				4FF2B04F1992876F000BFE85 /* Release */,
			);
			defaultConfigurationIsVisible = 0;
			defaultConfigurationName = Release;
		};
		4FF2B0501992876F000BFE85 /* Build configuration list for PBXNativeTarget "MeliThinClient" */ = {
			isa = XCConfigurationList;
			buildConfigurations = (
				4FF2B0511992876F000BFE85 /* Debug */,
				4FF2B0521992876F000BFE85 /* Release */,
			);
			defaultConfigurationIsVisible = 0;
			defaultConfigurationName = Release;
		};
		4FF2B0531992876F000BFE85 /* Build configuration list for PBXNativeTarget "MeliThinClientTests" */ = {
			isa = XCConfigurationList;
			buildConfigurations = (
				4FF2B0541992876F000BFE85 /* Debug */,
				4FF2B0551992876F000BFE85 /* Release */,
			);
			defaultConfigurationIsVisible = 0;
			defaultConfigurationName = Release;
		};
/* End XCConfigurationList section */
	};
	rootObject = 4FF2B01C1992876F000BFE85 /* Project object */;
}
